// !$*UTF8*$!
{
	archiveVersion = 1;
	classes = {
	};
	objectVersion = 56;
	objects = {

/* Begin PBXBuildFile section */
		160A5A672BEE21DB004A8C7E /* APIKeyResponse.swift in Sources */ = {isa = PBXBuildFile; fileRef = 160A5A662BEE21DB004A8C7E /* APIKeyResponse.swift */; };
		160E0CEC2BF346CA0078F7A7 /* UIViewController+.swift in Sources */ = {isa = PBXBuildFile; fileRef = 160E0CEB2BF346CA0078F7A7 /* UIViewController+.swift */; };
		16159ECD2BE0AC380022FDB5 /* ETAPopupViewController.swift in Sources */ = {isa = PBXBuildFile; fileRef = 16159ECC2BE0AC380022FDB5 /* ETAPopupViewController.swift */; };
		16339C3C2BBC58D4006438B8 /* Color+.swift in Sources */ = {isa = PBXBuildFile; fileRef = 16339C3B2BBC58D4006438B8 /* Color+.swift */; };
		16339C3E2BBC59DB006438B8 /* ETALabel.swift in Sources */ = {isa = PBXBuildFile; fileRef = 16339C3D2BBC59DB006438B8 /* ETALabel.swift */; };
		16339C482BBC5B48006438B8 /* Pretendard-Bold.otf in Resources */ = {isa = PBXBuildFile; fileRef = 16339C3F2BBC5B47006438B8 /* Pretendard-Bold.otf */; };
		16339C492BBC5B48006438B8 /* Pretendard-Light.otf in Resources */ = {isa = PBXBuildFile; fileRef = 16339C402BBC5B47006438B8 /* Pretendard-Light.otf */; };
		16339C4A2BBC5B48006438B8 /* Pretendard-Thin.otf in Resources */ = {isa = PBXBuildFile; fileRef = 16339C412BBC5B47006438B8 /* Pretendard-Thin.otf */; };
		16339C4B2BBC5B48006438B8 /* Pretendard-SemiBold.otf in Resources */ = {isa = PBXBuildFile; fileRef = 16339C422BBC5B47006438B8 /* Pretendard-SemiBold.otf */; };
		16339C4C2BBC5B48006438B8 /* Pretendard-ExtraBold.otf in Resources */ = {isa = PBXBuildFile; fileRef = 16339C432BBC5B48006438B8 /* Pretendard-ExtraBold.otf */; };
		16339C4D2BBC5B48006438B8 /* Pretendard-Black.otf in Resources */ = {isa = PBXBuildFile; fileRef = 16339C442BBC5B48006438B8 /* Pretendard-Black.otf */; };
		16339C4E2BBC5B48006438B8 /* Pretendard-Medium.otf in Resources */ = {isa = PBXBuildFile; fileRef = 16339C452BBC5B48006438B8 /* Pretendard-Medium.otf */; };
		16339C4F2BBC5B48006438B8 /* Pretendard-Regular.otf in Resources */ = {isa = PBXBuildFile; fileRef = 16339C462BBC5B48006438B8 /* Pretendard-Regular.otf */; };
		16339C502BBC5B48006438B8 /* Pretendard-ExtraLight.otf in Resources */ = {isa = PBXBuildFile; fileRef = 16339C472BBC5B48006438B8 /* Pretendard-ExtraLight.otf */; };
		16339C522BBC6429006438B8 /* Font+.swift in Sources */ = {isa = PBXBuildFile; fileRef = 16339C512BBC6429006438B8 /* Font+.swift */; };
		16339C542BBC6579006438B8 /* Image+.swift in Sources */ = {isa = PBXBuildFile; fileRef = 16339C532BBC6579006438B8 /* Image+.swift */; };
		16339C562BBC685B006438B8 /* TextField+.swift in Sources */ = {isa = PBXBuildFile; fileRef = 16339C552BBC685B006438B8 /* TextField+.swift */; };
		16339C582BBC6916006438B8 /* ETAButton.swift in Sources */ = {isa = PBXBuildFile; fileRef = 16339C572BBC6916006438B8 /* ETAButton.swift */; };
		16339C5A2BBC6924006438B8 /* ETAToggleButton.swift in Sources */ = {isa = PBXBuildFile; fileRef = 16339C592BBC6924006438B8 /* ETAToggleButton.swift */; };
		1640A3462BA4557200B7D2AB /* AppDelegate.swift in Sources */ = {isa = PBXBuildFile; fileRef = 1640A3452BA4557200B7D2AB /* AppDelegate.swift */; };
		1640A3482BA4557200B7D2AB /* SceneDelegate.swift in Sources */ = {isa = PBXBuildFile; fileRef = 1640A3472BA4557200B7D2AB /* SceneDelegate.swift */; };
		1640A34A2BA4557200B7D2AB /* LoginViewController.swift in Sources */ = {isa = PBXBuildFile; fileRef = 1640A3492BA4557200B7D2AB /* LoginViewController.swift */; };
		1640A34F2BA4557500B7D2AB /* Assets.xcassets in Resources */ = {isa = PBXBuildFile; fileRef = 1640A34E2BA4557500B7D2AB /* Assets.xcassets */; };
		1640A3522BA4557500B7D2AB /* LaunchScreen.storyboard in Resources */ = {isa = PBXBuildFile; fileRef = 1640A3502BA4557500B7D2AB /* LaunchScreen.storyboard */; };
		1640A35D2BA4557500B7D2AB /* AdminAppTests.swift in Sources */ = {isa = PBXBuildFile; fileRef = 1640A35C2BA4557500B7D2AB /* AdminAppTests.swift */; };
		1640A3672BA4557500B7D2AB /* AdminAppUITests.swift in Sources */ = {isa = PBXBuildFile; fileRef = 1640A3662BA4557500B7D2AB /* AdminAppUITests.swift */; };
		1640A3692BA4557500B7D2AB /* AdminAppUITestsLaunchTests.swift in Sources */ = {isa = PBXBuildFile; fileRef = 1640A3682BA4557500B7D2AB /* AdminAppUITestsLaunchTests.swift */; };
		164F86E42BDFF95A00921C25 /* OtherViewCell.swift in Sources */ = {isa = PBXBuildFile; fileRef = 164F86E32BDFF95A00921C25 /* OtherViewCell.swift */; };
		1657DE062BBD71CE0038E383 /* TabBarController.swift in Sources */ = {isa = PBXBuildFile; fileRef = 1657DE052BBD71CE0038E383 /* TabBarController.swift */; };
		1657DE092BBD74980038E383 /* ApiKeyViewController.swift in Sources */ = {isa = PBXBuildFile; fileRef = 1657DE082BBD74980038E383 /* ApiKeyViewController.swift */; };
		1657DE0C2BBD75B40038E383 /* ETATabBar.swift in Sources */ = {isa = PBXBuildFile; fileRef = 1657DE0B2BBD75B40038E383 /* ETATabBar.swift */; };
		1657DE0E2BBD7FD80038E383 /* APIKeyViewModel.swift in Sources */ = {isa = PBXBuildFile; fileRef = 1657DE0D2BBD7FD80038E383 /* APIKeyViewModel.swift */; };
		1657DE102BBD80740038E383 /* ProfileViewModel.swift in Sources */ = {isa = PBXBuildFile; fileRef = 1657DE0F2BBD80740038E383 /* ProfileViewModel.swift */; };
		1657DE172BBDBE830038E383 /* CommonWebViewController.swift in Sources */ = {isa = PBXBuildFile; fileRef = 1657DE162BBDBE830038E383 /* CommonWebViewController.swift */; };
		166416D22BDF738900BA3BB5 /* ProfileViewCell.swift in Sources */ = {isa = PBXBuildFile; fileRef = 166416D12BDF738900BA3BB5 /* ProfileViewCell.swift */; };
		166416D42BDF740F00BA3BB5 /* UIView+.swift in Sources */ = {isa = PBXBuildFile; fileRef = 166416D32BDF740F00BA3BB5 /* UIView+.swift */; };
		166416D72BDF94D800BA3BB5 /* CreditCardViewCell.swift in Sources */ = {isa = PBXBuildFile; fileRef = 166416D62BDF94D800BA3BB5 /* CreditCardViewCell.swift */; };
		1672A6082BC27C8700F8E11D /* PurchaseCell.swift in Sources */ = {isa = PBXBuildFile; fileRef = 1672A6072BC27C8700F8E11D /* PurchaseCell.swift */; };
		16782AA52BB1C19E00B7C829 /* WebViewDelegate.swift in Sources */ = {isa = PBXBuildFile; fileRef = 16782AA42BB1C19E00B7C829 /* WebViewDelegate.swift */; };
		16782AA82BB2A0B700B7C829 /* ViewConfiguration.swift in Sources */ = {isa = PBXBuildFile; fileRef = 16782AA72BB2A0B700B7C829 /* ViewConfiguration.swift */; };
		16782AAA2BB2F87700B7C829 /* HomeViewModel.swift in Sources */ = {isa = PBXBuildFile; fileRef = 16782AA92BB2F87700B7C829 /* HomeViewModel.swift */; };
		16782AAC2BB2FE7700B7C829 /* APIKeyCell.swift in Sources */ = {isa = PBXBuildFile; fileRef = 16782AAB2BB2FE7700B7C829 /* APIKeyCell.swift */; };
		16782AAF2BB2FFB400B7C829 /* Common.swift in Sources */ = {isa = PBXBuildFile; fileRef = 16782AAE2BB2FFB400B7C829 /* Common.swift */; };
		16782AB22BB3104B00B7C829 /* ProfileViewController.swift in Sources */ = {isa = PBXBuildFile; fileRef = 16782AB12BB3104B00B7C829 /* ProfileViewController.swift */; };
		16782AB42BB3396000B7C829 /* CustomCollectionViewCellHeader.swift in Sources */ = {isa = PBXBuildFile; fileRef = 16782AB32BB3396000B7C829 /* CustomCollectionViewCellHeader.swift */; };
		1683F7292BC558F200C24F1A /* ApiChargeResponse.swift in Sources */ = {isa = PBXBuildFile; fileRef = 1683F7282BC558F200C24F1A /* ApiChargeResponse.swift */; };
		1683F7342BC6CB7000C24F1A /* ChartView.swift in Sources */ = {isa = PBXBuildFile; fileRef = 1683F7332BC6CB7000C24F1A /* ChartView.swift */; };
		1685A2822BECB4500003DFA5 /* APIKeyDetailViewController.swift in Sources */ = {isa = PBXBuildFile; fileRef = 1685A2812BECB4500003DFA5 /* APIKeyDetailViewController.swift */; };
		1685A2842BECD23E0003DFA5 /* APIKeyListCell.swift in Sources */ = {isa = PBXBuildFile; fileRef = 1685A2832BECD23E0003DFA5 /* APIKeyListCell.swift */; };
		168D69692BB3482F00A81AC3 /* HomePagingItemCell.swift in Sources */ = {isa = PBXBuildFile; fileRef = 168D69682BB3482F00A81AC3 /* HomePagingItemCell.swift */; };
		168D696D2BB34BC200A81AC3 /* PagingItem.swift in Sources */ = {isa = PBXBuildFile; fileRef = 168D696C2BB34BC200A81AC3 /* PagingItem.swift */; };
		168D69742BB402EA00A81AC3 /* PurchaseViewController.swift in Sources */ = {isa = PBXBuildFile; fileRef = 168D69732BB402EA00A81AC3 /* PurchaseViewController.swift */; };
		168D69762BB4031500A81AC3 /* RegisterCardViewController.swift in Sources */ = {isa = PBXBuildFile; fileRef = 168D69752BB4031500A81AC3 /* RegisterCardViewController.swift */; };
		168D69782BB4046C00A81AC3 /* AnalzyeAPIViewController.swift in Sources */ = {isa = PBXBuildFile; fileRef = 168D69772BB4046C00A81AC3 /* AnalzyeAPIViewController.swift */; };
		168F17172BA7F25C00695AF2 /* KaKaoLoginWebViewController.swift in Sources */ = {isa = PBXBuildFile; fileRef = 168F17162BA7F25C00695AF2 /* KaKaoLoginWebViewController.swift */; };
		168F171B2BA7F60F00695AF2 /* HomeViewController.swift in Sources */ = {isa = PBXBuildFile; fileRef = 168F171A2BA7F60F00695AF2 /* HomeViewController.swift */; };
		168F17222BA80F3800695AF2 /* AuthManager.swift in Sources */ = {isa = PBXBuildFile; fileRef = 168F17212BA80F3800695AF2 /* AuthManager.swift */; };
		168F17242BA8134E00695AF2 /* KeyChainManager.swift in Sources */ = {isa = PBXBuildFile; fileRef = 168F17232BA8134E00695AF2 /* KeyChainManager.swift */; };
		168F17322BAAC52500695AF2 /* APIKey.swift in Sources */ = {isa = PBXBuildFile; fileRef = 168F17312BAAC52500695AF2 /* APIKey.swift */; };
		16925A7C2BC15A7B00BF2005 /* UserModel.swift in Sources */ = {isa = PBXBuildFile; fileRef = 16925A7B2BC15A7B00BF2005 /* UserModel.swift */; };
		16925A7E2BC1674700BF2005 /* CardListResponse.swift in Sources */ = {isa = PBXBuildFile; fileRef = 16925A7D2BC1674700BF2005 /* CardListResponse.swift */; };
		16925A812BC16EFE00BF2005 /* OHHTTPStubs in Frameworks */ = {isa = PBXBuildFile; productRef = 16925A802BC16EFE00BF2005 /* OHHTTPStubs */; };
		16925A832BC16EFE00BF2005 /* OHHTTPStubsSwift in Frameworks */ = {isa = PBXBuildFile; productRef = 16925A822BC16EFE00BF2005 /* OHHTTPStubsSwift */; };
		1698A6EA2BF3A92700D62033 /* PaymentHistoryViewController.swift in Sources */ = {isa = PBXBuildFile; fileRef = 1698A6E92BF3A92700D62033 /* PaymentHistoryViewController.swift */; };
		1698A6EC2BF3AF8500D62033 /* PaymentHistoryCell.swift in Sources */ = {isa = PBXBuildFile; fileRef = 1698A6EB2BF3AF8400D62033 /* PaymentHistoryCell.swift */; };
		1698A6EE2BF3B2D100D62033 /* PaymentHistoryResponse.swift in Sources */ = {isa = PBXBuildFile; fileRef = 1698A6ED2BF3B2D100D62033 /* PaymentHistoryResponse.swift */; };
		1698A6F02BF3B79000D62033 /* PaymentHistoryViewModel.swift in Sources */ = {isa = PBXBuildFile; fileRef = 1698A6EF2BF3B79000D62033 /* PaymentHistoryViewModel.swift */; };
		169A43B92BB41AD600A7113C /* KaKaoPayViewController.swift in Sources */ = {isa = PBXBuildFile; fileRef = 169A43B82BB41AD600A7113C /* KaKaoPayViewController.swift */; };
		169A43BD2BB41F1500A7113C /* PaymentResponse.swift in Sources */ = {isa = PBXBuildFile; fileRef = 169A43BC2BB41F1500A7113C /* PaymentResponse.swift */; };
		16C9A4CE2BEBCCE000CD10FB /* ETAToastMessageView.swift in Sources */ = {isa = PBXBuildFile; fileRef = 16C9A4CD2BEBCCE000CD10FB /* ETAToastMessageView.swift */; };
		16D84C0F2BEDBC0400A035D4 /* APIKeyDetailViewModel.swift in Sources */ = {isa = PBXBuildFile; fileRef = 16D84C0E2BEDBC0400A035D4 /* APIKeyDetailViewModel.swift */; };
		16D8E7182BB5CCD6009EC7A4 /* Resource.swift in Sources */ = {isa = PBXBuildFile; fileRef = 16D8E7172BB5CCD6009EC7A4 /* Resource.swift */; };
		16D8E71A2BB5CD21009EC7A4 /* PaymentRequest.swift in Sources */ = {isa = PBXBuildFile; fileRef = 16D8E7192BB5CD21009EC7A4 /* PaymentRequest.swift */; };
		16D8E71C2BB5CF1E009EC7A4 /* NetworkService.swift in Sources */ = {isa = PBXBuildFile; fileRef = 16D8E71B2BB5CF1E009EC7A4 /* NetworkService.swift */; };
		16D8E71E2BB64CB8009EC7A4 /* RegisterCardViewModel.swift in Sources */ = {isa = PBXBuildFile; fileRef = 16D8E71D2BB64CB8009EC7A4 /* RegisterCardViewModel.swift */; };
		16D8E7212BB6CE58009EC7A4 /* Config.swift in Sources */ = {isa = PBXBuildFile; fileRef = 16D8E7202BB6CE58009EC7A4 /* Config.swift */; };
		16EBB0662BDFD74600E6C417 /* SmallCellHeader.swift in Sources */ = {isa = PBXBuildFile; fileRef = 16EBB0652BDFD74600E6C417 /* SmallCellHeader.swift */; };
		16EBB0682BDFE44A00E6C417 /* ProfileItem.swift in Sources */ = {isa = PBXBuildFile; fileRef = 16EBB0672BDFE44A00E6C417 /* ProfileItem.swift */; };
		16EBB06A2BDFE4A800E6C417 /* SmallCellFooter.swift in Sources */ = {isa = PBXBuildFile; fileRef = 16EBB0692BDFE4A800E6C417 /* SmallCellFooter.swift */; };
		16EBB06C2BDFF40900E6C417 /* RegisterCreditCardViewCell.swift in Sources */ = {isa = PBXBuildFile; fileRef = 16EBB06B2BDFF40900E6C417 /* RegisterCreditCardViewCell.swift */; };
		16EFBA152BE7BF360066E751 /* APIKeyItem.swift in Sources */ = {isa = PBXBuildFile; fileRef = 16EFBA142BE7BF360066E751 /* APIKeyItem.swift */; };
		16EFBA182BE9E8EB0066E751 /* APIKeyInfoCell.swift in Sources */ = {isa = PBXBuildFile; fileRef = 16EFBA172BE9E8EB0066E751 /* APIKeyInfoCell.swift */; };
		16EFBA1A2BE9F6E10066E751 /* temp.swift in Sources */ = {isa = PBXBuildFile; fileRef = 16EFBA192BE9F6E10066E751 /* temp.swift */; };
		16EFBA1C2BE9F8240066E751 /* APIKeyImageCell.swift in Sources */ = {isa = PBXBuildFile; fileRef = 16EFBA1B2BE9F8240066E751 /* APIKeyImageCell.swift */; };
		4450409BC95E1713831FB5BC /* Pods_AdminApp.framework in Frameworks */ = {isa = PBXBuildFile; fileRef = FDEDF02EE568526C415916F7 /* Pods_AdminApp.framework */; };
		82F64B6FEB17CD3C963A7A79 /* Pods_AdminAppTests.framework in Frameworks */ = {isa = PBXBuildFile; fileRef = F6E8D0A078E142A687B70E06 /* Pods_AdminAppTests.framework */; };
		F4359AF94B261388624398D8 /* Pods_AdminApp_AdminAppUITests.framework in Frameworks */ = {isa = PBXBuildFile; fileRef = B5C7731E6278878D40660863 /* Pods_AdminApp_AdminAppUITests.framework */; };
/* End PBXBuildFile section */

/* Begin PBXContainerItemProxy section */
		1640A3592BA4557500B7D2AB /* PBXContainerItemProxy */ = {
			isa = PBXContainerItemProxy;
			containerPortal = 1640A33A2BA4557200B7D2AB /* Project object */;
			proxyType = 1;
			remoteGlobalIDString = 1640A3412BA4557200B7D2AB;
			remoteInfo = AdminApp;
		};
		1640A3632BA4557500B7D2AB /* PBXContainerItemProxy */ = {
			isa = PBXContainerItemProxy;
			containerPortal = 1640A33A2BA4557200B7D2AB /* Project object */;
			proxyType = 1;
			remoteGlobalIDString = 1640A3412BA4557200B7D2AB;
			remoteInfo = AdminApp;
		};
/* End PBXContainerItemProxy section */

/* Begin PBXFileReference section */
		07AA251D80B1FF342675A42A /* Pods-AdminApp.debug.xcconfig */ = {isa = PBXFileReference; includeInIndex = 1; lastKnownFileType = text.xcconfig; name = "Pods-AdminApp.debug.xcconfig"; path = "Target Support Files/Pods-AdminApp/Pods-AdminApp.debug.xcconfig"; sourceTree = "<group>"; };
		0A98A95A9E5D83183F085B17 /* Pods-AdminAppTests.release.xcconfig */ = {isa = PBXFileReference; includeInIndex = 1; lastKnownFileType = text.xcconfig; name = "Pods-AdminAppTests.release.xcconfig"; path = "Target Support Files/Pods-AdminAppTests/Pods-AdminAppTests.release.xcconfig"; sourceTree = "<group>"; };
		15226FD0333DC7F3408F5506 /* Pods-AdminAppTests.debug.xcconfig */ = {isa = PBXFileReference; includeInIndex = 1; lastKnownFileType = text.xcconfig; name = "Pods-AdminAppTests.debug.xcconfig"; path = "Target Support Files/Pods-AdminAppTests/Pods-AdminAppTests.debug.xcconfig"; sourceTree = "<group>"; };
		160A5A662BEE21DB004A8C7E /* APIKeyResponse.swift */ = {isa = PBXFileReference; lastKnownFileType = sourcecode.swift; path = APIKeyResponse.swift; sourceTree = "<group>"; };
		160E0CEB2BF346CA0078F7A7 /* UIViewController+.swift */ = {isa = PBXFileReference; lastKnownFileType = sourcecode.swift; path = "UIViewController+.swift"; sourceTree = "<group>"; };
		16159ECC2BE0AC380022FDB5 /* ETAPopupViewController.swift */ = {isa = PBXFileReference; lastKnownFileType = sourcecode.swift; path = ETAPopupViewController.swift; sourceTree = "<group>"; };
		16339C3B2BBC58D4006438B8 /* Color+.swift */ = {isa = PBXFileReference; lastKnownFileType = sourcecode.swift; path = "Color+.swift"; sourceTree = "<group>"; };
		16339C3D2BBC59DB006438B8 /* ETALabel.swift */ = {isa = PBXFileReference; lastKnownFileType = sourcecode.swift; path = ETALabel.swift; sourceTree = "<group>"; };
		16339C3F2BBC5B47006438B8 /* Pretendard-Bold.otf */ = {isa = PBXFileReference; lastKnownFileType = file; path = "Pretendard-Bold.otf"; sourceTree = "<group>"; };
		16339C402BBC5B47006438B8 /* Pretendard-Light.otf */ = {isa = PBXFileReference; lastKnownFileType = file; path = "Pretendard-Light.otf"; sourceTree = "<group>"; };
		16339C412BBC5B47006438B8 /* Pretendard-Thin.otf */ = {isa = PBXFileReference; lastKnownFileType = file; path = "Pretendard-Thin.otf"; sourceTree = "<group>"; };
		16339C422BBC5B47006438B8 /* Pretendard-SemiBold.otf */ = {isa = PBXFileReference; lastKnownFileType = file; path = "Pretendard-SemiBold.otf"; sourceTree = "<group>"; };
		16339C432BBC5B48006438B8 /* Pretendard-ExtraBold.otf */ = {isa = PBXFileReference; lastKnownFileType = file; path = "Pretendard-ExtraBold.otf"; sourceTree = "<group>"; };
		16339C442BBC5B48006438B8 /* Pretendard-Black.otf */ = {isa = PBXFileReference; lastKnownFileType = file; path = "Pretendard-Black.otf"; sourceTree = "<group>"; };
		16339C452BBC5B48006438B8 /* Pretendard-Medium.otf */ = {isa = PBXFileReference; lastKnownFileType = file; path = "Pretendard-Medium.otf"; sourceTree = "<group>"; };
		16339C462BBC5B48006438B8 /* Pretendard-Regular.otf */ = {isa = PBXFileReference; lastKnownFileType = file; path = "Pretendard-Regular.otf"; sourceTree = "<group>"; };
		16339C472BBC5B48006438B8 /* Pretendard-ExtraLight.otf */ = {isa = PBXFileReference; lastKnownFileType = file; path = "Pretendard-ExtraLight.otf"; sourceTree = "<group>"; };
		16339C512BBC6429006438B8 /* Font+.swift */ = {isa = PBXFileReference; lastKnownFileType = sourcecode.swift; path = "Font+.swift"; sourceTree = "<group>"; };
		16339C532BBC6579006438B8 /* Image+.swift */ = {isa = PBXFileReference; lastKnownFileType = sourcecode.swift; path = "Image+.swift"; sourceTree = "<group>"; };
		16339C552BBC685B006438B8 /* TextField+.swift */ = {isa = PBXFileReference; lastKnownFileType = sourcecode.swift; path = "TextField+.swift"; sourceTree = "<group>"; };
		16339C572BBC6916006438B8 /* ETAButton.swift */ = {isa = PBXFileReference; lastKnownFileType = sourcecode.swift; path = ETAButton.swift; sourceTree = "<group>"; };
		16339C592BBC6924006438B8 /* ETAToggleButton.swift */ = {isa = PBXFileReference; lastKnownFileType = sourcecode.swift; path = ETAToggleButton.swift; sourceTree = "<group>"; };
		1640A3422BA4557200B7D2AB /* AdminApp.app */ = {isa = PBXFileReference; explicitFileType = wrapper.application; includeInIndex = 0; path = AdminApp.app; sourceTree = BUILT_PRODUCTS_DIR; };
		1640A3452BA4557200B7D2AB /* AppDelegate.swift */ = {isa = PBXFileReference; lastKnownFileType = sourcecode.swift; path = AppDelegate.swift; sourceTree = "<group>"; };
		1640A3472BA4557200B7D2AB /* SceneDelegate.swift */ = {isa = PBXFileReference; lastKnownFileType = sourcecode.swift; path = SceneDelegate.swift; sourceTree = "<group>"; };
		1640A3492BA4557200B7D2AB /* LoginViewController.swift */ = {isa = PBXFileReference; lastKnownFileType = sourcecode.swift; path = LoginViewController.swift; sourceTree = "<group>"; };
		1640A34E2BA4557500B7D2AB /* Assets.xcassets */ = {isa = PBXFileReference; lastKnownFileType = folder.assetcatalog; path = Assets.xcassets; sourceTree = "<group>"; };
		1640A3512BA4557500B7D2AB /* Base */ = {isa = PBXFileReference; lastKnownFileType = file.storyboard; name = Base; path = Base.lproj/LaunchScreen.storyboard; sourceTree = "<group>"; };
		1640A3532BA4557500B7D2AB /* Info.plist */ = {isa = PBXFileReference; lastKnownFileType = text.plist.xml; path = Info.plist; sourceTree = "<group>"; };
		1640A3582BA4557500B7D2AB /* AdminAppTests.xctest */ = {isa = PBXFileReference; explicitFileType = wrapper.cfbundle; includeInIndex = 0; path = AdminAppTests.xctest; sourceTree = BUILT_PRODUCTS_DIR; };
		1640A35C2BA4557500B7D2AB /* AdminAppTests.swift */ = {isa = PBXFileReference; lastKnownFileType = sourcecode.swift; path = AdminAppTests.swift; sourceTree = "<group>"; };
		1640A3622BA4557500B7D2AB /* AdminAppUITests.xctest */ = {isa = PBXFileReference; explicitFileType = wrapper.cfbundle; includeInIndex = 0; path = AdminAppUITests.xctest; sourceTree = BUILT_PRODUCTS_DIR; };
		1640A3662BA4557500B7D2AB /* AdminAppUITests.swift */ = {isa = PBXFileReference; lastKnownFileType = sourcecode.swift; path = AdminAppUITests.swift; sourceTree = "<group>"; };
		1640A3682BA4557500B7D2AB /* AdminAppUITestsLaunchTests.swift */ = {isa = PBXFileReference; lastKnownFileType = sourcecode.swift; path = AdminAppUITestsLaunchTests.swift; sourceTree = "<group>"; };
		164F86E32BDFF95A00921C25 /* OtherViewCell.swift */ = {isa = PBXFileReference; lastKnownFileType = sourcecode.swift; path = OtherViewCell.swift; sourceTree = "<group>"; };
		1657DE052BBD71CE0038E383 /* TabBarController.swift */ = {isa = PBXFileReference; lastKnownFileType = sourcecode.swift; path = TabBarController.swift; sourceTree = "<group>"; };
		1657DE082BBD74980038E383 /* ApiKeyViewController.swift */ = {isa = PBXFileReference; lastKnownFileType = sourcecode.swift; path = ApiKeyViewController.swift; sourceTree = "<group>"; };
		1657DE0B2BBD75B40038E383 /* ETATabBar.swift */ = {isa = PBXFileReference; lastKnownFileType = sourcecode.swift; path = ETATabBar.swift; sourceTree = "<group>"; };
		1657DE0D2BBD7FD80038E383 /* APIKeyViewModel.swift */ = {isa = PBXFileReference; lastKnownFileType = sourcecode.swift; path = APIKeyViewModel.swift; sourceTree = "<group>"; };
		1657DE0F2BBD80740038E383 /* ProfileViewModel.swift */ = {isa = PBXFileReference; lastKnownFileType = sourcecode.swift; path = ProfileViewModel.swift; sourceTree = "<group>"; };
		1657DE162BBDBE830038E383 /* CommonWebViewController.swift */ = {isa = PBXFileReference; lastKnownFileType = sourcecode.swift; path = CommonWebViewController.swift; sourceTree = "<group>"; };
		166416D12BDF738900BA3BB5 /* ProfileViewCell.swift */ = {isa = PBXFileReference; lastKnownFileType = sourcecode.swift; path = ProfileViewCell.swift; sourceTree = "<group>"; };
		166416D32BDF740F00BA3BB5 /* UIView+.swift */ = {isa = PBXFileReference; lastKnownFileType = sourcecode.swift; path = "UIView+.swift"; sourceTree = "<group>"; };
		166416D62BDF94D800BA3BB5 /* CreditCardViewCell.swift */ = {isa = PBXFileReference; lastKnownFileType = sourcecode.swift; path = CreditCardViewCell.swift; sourceTree = "<group>"; };
		1672A6072BC27C8700F8E11D /* PurchaseCell.swift */ = {isa = PBXFileReference; lastKnownFileType = sourcecode.swift; path = PurchaseCell.swift; sourceTree = "<group>"; };
		16782AA42BB1C19E00B7C829 /* WebViewDelegate.swift */ = {isa = PBXFileReference; lastKnownFileType = sourcecode.swift; path = WebViewDelegate.swift; sourceTree = "<group>"; };
		16782AA72BB2A0B700B7C829 /* ViewConfiguration.swift */ = {isa = PBXFileReference; lastKnownFileType = sourcecode.swift; path = ViewConfiguration.swift; sourceTree = "<group>"; };
		16782AA92BB2F87700B7C829 /* HomeViewModel.swift */ = {isa = PBXFileReference; lastKnownFileType = sourcecode.swift; path = HomeViewModel.swift; sourceTree = "<group>"; };
		16782AAB2BB2FE7700B7C829 /* APIKeyCell.swift */ = {isa = PBXFileReference; lastKnownFileType = sourcecode.swift; path = APIKeyCell.swift; sourceTree = "<group>"; };
		16782AAE2BB2FFB400B7C829 /* Common.swift */ = {isa = PBXFileReference; lastKnownFileType = sourcecode.swift; path = Common.swift; sourceTree = "<group>"; };
		16782AB12BB3104B00B7C829 /* ProfileViewController.swift */ = {isa = PBXFileReference; lastKnownFileType = sourcecode.swift; path = ProfileViewController.swift; sourceTree = "<group>"; };
		16782AB32BB3396000B7C829 /* CustomCollectionViewCellHeader.swift */ = {isa = PBXFileReference; lastKnownFileType = sourcecode.swift; path = CustomCollectionViewCellHeader.swift; sourceTree = "<group>"; };
		1683F7282BC558F200C24F1A /* ApiChargeResponse.swift */ = {isa = PBXFileReference; lastKnownFileType = sourcecode.swift; path = ApiChargeResponse.swift; sourceTree = "<group>"; };
		1683F7332BC6CB7000C24F1A /* ChartView.swift */ = {isa = PBXFileReference; lastKnownFileType = sourcecode.swift; path = ChartView.swift; sourceTree = "<group>"; };
		1685A2812BECB4500003DFA5 /* APIKeyDetailViewController.swift */ = {isa = PBXFileReference; lastKnownFileType = sourcecode.swift; path = APIKeyDetailViewController.swift; sourceTree = "<group>"; };
		1685A2832BECD23E0003DFA5 /* APIKeyListCell.swift */ = {isa = PBXFileReference; lastKnownFileType = sourcecode.swift; path = APIKeyListCell.swift; sourceTree = "<group>"; };
		168D69682BB3482F00A81AC3 /* HomePagingItemCell.swift */ = {isa = PBXFileReference; lastKnownFileType = sourcecode.swift; path = HomePagingItemCell.swift; sourceTree = "<group>"; };
		168D696C2BB34BC200A81AC3 /* PagingItem.swift */ = {isa = PBXFileReference; lastKnownFileType = sourcecode.swift; path = PagingItem.swift; sourceTree = "<group>"; };
		168D69732BB402EA00A81AC3 /* PurchaseViewController.swift */ = {isa = PBXFileReference; lastKnownFileType = sourcecode.swift; path = PurchaseViewController.swift; sourceTree = "<group>"; };
		168D69752BB4031500A81AC3 /* RegisterCardViewController.swift */ = {isa = PBXFileReference; lastKnownFileType = sourcecode.swift; path = RegisterCardViewController.swift; sourceTree = "<group>"; };
		168D69772BB4046C00A81AC3 /* AnalzyeAPIViewController.swift */ = {isa = PBXFileReference; lastKnownFileType = sourcecode.swift; path = AnalzyeAPIViewController.swift; sourceTree = "<group>"; };
		168F17162BA7F25C00695AF2 /* KaKaoLoginWebViewController.swift */ = {isa = PBXFileReference; lastKnownFileType = sourcecode.swift; path = KaKaoLoginWebViewController.swift; sourceTree = "<group>"; };
		168F171A2BA7F60F00695AF2 /* HomeViewController.swift */ = {isa = PBXFileReference; lastKnownFileType = sourcecode.swift; path = HomeViewController.swift; sourceTree = "<group>"; };
		168F17212BA80F3800695AF2 /* AuthManager.swift */ = {isa = PBXFileReference; lastKnownFileType = sourcecode.swift; path = AuthManager.swift; sourceTree = "<group>"; };
		168F17232BA8134E00695AF2 /* KeyChainManager.swift */ = {isa = PBXFileReference; lastKnownFileType = sourcecode.swift; path = KeyChainManager.swift; sourceTree = "<group>"; };
		168F17312BAAC52500695AF2 /* APIKey.swift */ = {isa = PBXFileReference; lastKnownFileType = sourcecode.swift; path = APIKey.swift; sourceTree = "<group>"; };
		16925A7B2BC15A7B00BF2005 /* UserModel.swift */ = {isa = PBXFileReference; lastKnownFileType = sourcecode.swift; path = UserModel.swift; sourceTree = "<group>"; };
		16925A7D2BC1674700BF2005 /* CardListResponse.swift */ = {isa = PBXFileReference; lastKnownFileType = sourcecode.swift; path = CardListResponse.swift; sourceTree = "<group>"; };
		1698A6E92BF3A92700D62033 /* PaymentHistoryViewController.swift */ = {isa = PBXFileReference; lastKnownFileType = sourcecode.swift; path = PaymentHistoryViewController.swift; sourceTree = "<group>"; };
		1698A6EB2BF3AF8400D62033 /* PaymentHistoryCell.swift */ = {isa = PBXFileReference; lastKnownFileType = sourcecode.swift; path = PaymentHistoryCell.swift; sourceTree = "<group>"; };
		1698A6ED2BF3B2D100D62033 /* PaymentHistoryResponse.swift */ = {isa = PBXFileReference; lastKnownFileType = sourcecode.swift; path = PaymentHistoryResponse.swift; sourceTree = "<group>"; };
		1698A6EF2BF3B79000D62033 /* PaymentHistoryViewModel.swift */ = {isa = PBXFileReference; lastKnownFileType = sourcecode.swift; path = PaymentHistoryViewModel.swift; sourceTree = "<group>"; };
		169A43B82BB41AD600A7113C /* KaKaoPayViewController.swift */ = {isa = PBXFileReference; lastKnownFileType = sourcecode.swift; path = KaKaoPayViewController.swift; sourceTree = "<group>"; };
		169A43BC2BB41F1500A7113C /* PaymentResponse.swift */ = {isa = PBXFileReference; lastKnownFileType = sourcecode.swift; path = PaymentResponse.swift; sourceTree = "<group>"; };
		16C9A4CD2BEBCCE000CD10FB /* ETAToastMessageView.swift */ = {isa = PBXFileReference; lastKnownFileType = sourcecode.swift; path = ETAToastMessageView.swift; sourceTree = "<group>"; };
		16D84C0E2BEDBC0400A035D4 /* APIKeyDetailViewModel.swift */ = {isa = PBXFileReference; lastKnownFileType = sourcecode.swift; path = APIKeyDetailViewModel.swift; sourceTree = "<group>"; };
		16D8E7172BB5CCD6009EC7A4 /* Resource.swift */ = {isa = PBXFileReference; lastKnownFileType = sourcecode.swift; path = Resource.swift; sourceTree = "<group>"; };
		16D8E7192BB5CD21009EC7A4 /* PaymentRequest.swift */ = {isa = PBXFileReference; lastKnownFileType = sourcecode.swift; path = PaymentRequest.swift; sourceTree = "<group>"; };
		16D8E71B2BB5CF1E009EC7A4 /* NetworkService.swift */ = {isa = PBXFileReference; lastKnownFileType = sourcecode.swift; path = NetworkService.swift; sourceTree = "<group>"; };
		16D8E71D2BB64CB8009EC7A4 /* RegisterCardViewModel.swift */ = {isa = PBXFileReference; lastKnownFileType = sourcecode.swift; path = RegisterCardViewModel.swift; sourceTree = "<group>"; };
		16D8E7202BB6CE58009EC7A4 /* Config.swift */ = {isa = PBXFileReference; lastKnownFileType = sourcecode.swift; path = Config.swift; sourceTree = "<group>"; };
		16EBB0652BDFD74600E6C417 /* SmallCellHeader.swift */ = {isa = PBXFileReference; lastKnownFileType = sourcecode.swift; path = SmallCellHeader.swift; sourceTree = "<group>"; };
		16EBB0672BDFE44A00E6C417 /* ProfileItem.swift */ = {isa = PBXFileReference; lastKnownFileType = sourcecode.swift; path = ProfileItem.swift; sourceTree = "<group>"; };
		16EBB0692BDFE4A800E6C417 /* SmallCellFooter.swift */ = {isa = PBXFileReference; lastKnownFileType = sourcecode.swift; path = SmallCellFooter.swift; sourceTree = "<group>"; };
		16EBB06B2BDFF40900E6C417 /* RegisterCreditCardViewCell.swift */ = {isa = PBXFileReference; lastKnownFileType = sourcecode.swift; path = RegisterCreditCardViewCell.swift; sourceTree = "<group>"; };
		16EFBA142BE7BF360066E751 /* APIKeyItem.swift */ = {isa = PBXFileReference; lastKnownFileType = sourcecode.swift; path = APIKeyItem.swift; sourceTree = "<group>"; };
		16EFBA172BE9E8EB0066E751 /* APIKeyInfoCell.swift */ = {isa = PBXFileReference; lastKnownFileType = sourcecode.swift; path = APIKeyInfoCell.swift; sourceTree = "<group>"; };
		16EFBA192BE9F6E10066E751 /* temp.swift */ = {isa = PBXFileReference; lastKnownFileType = sourcecode.swift; path = temp.swift; sourceTree = "<group>"; };
		16EFBA1B2BE9F8240066E751 /* APIKeyImageCell.swift */ = {isa = PBXFileReference; lastKnownFileType = sourcecode.swift; path = APIKeyImageCell.swift; sourceTree = "<group>"; };
		7D8AA691F3D29D99F38FF173 /* Pods-AdminApp-AdminAppUITests.release.xcconfig */ = {isa = PBXFileReference; includeInIndex = 1; lastKnownFileType = text.xcconfig; name = "Pods-AdminApp-AdminAppUITests.release.xcconfig"; path = "Target Support Files/Pods-AdminApp-AdminAppUITests/Pods-AdminApp-AdminAppUITests.release.xcconfig"; sourceTree = "<group>"; };
		9B7F41EA995B29D72EF04D0C /* Pods-AdminApp.release.xcconfig */ = {isa = PBXFileReference; includeInIndex = 1; lastKnownFileType = text.xcconfig; name = "Pods-AdminApp.release.xcconfig"; path = "Target Support Files/Pods-AdminApp/Pods-AdminApp.release.xcconfig"; sourceTree = "<group>"; };
		B5C7731E6278878D40660863 /* Pods_AdminApp_AdminAppUITests.framework */ = {isa = PBXFileReference; explicitFileType = wrapper.framework; includeInIndex = 0; path = Pods_AdminApp_AdminAppUITests.framework; sourceTree = BUILT_PRODUCTS_DIR; };
		CBF31104EDBD14C3C6F191AC /* Pods-AdminApp-AdminAppUITests.debug.xcconfig */ = {isa = PBXFileReference; includeInIndex = 1; lastKnownFileType = text.xcconfig; name = "Pods-AdminApp-AdminAppUITests.debug.xcconfig"; path = "Target Support Files/Pods-AdminApp-AdminAppUITests/Pods-AdminApp-AdminAppUITests.debug.xcconfig"; sourceTree = "<group>"; };
		F6E8D0A078E142A687B70E06 /* Pods_AdminAppTests.framework */ = {isa = PBXFileReference; explicitFileType = wrapper.framework; includeInIndex = 0; path = Pods_AdminAppTests.framework; sourceTree = BUILT_PRODUCTS_DIR; };
		FDEDF02EE568526C415916F7 /* Pods_AdminApp.framework */ = {isa = PBXFileReference; explicitFileType = wrapper.framework; includeInIndex = 0; path = Pods_AdminApp.framework; sourceTree = BUILT_PRODUCTS_DIR; };
/* End PBXFileReference section */

/* Begin PBXFrameworksBuildPhase section */
		1640A33F2BA4557200B7D2AB /* Frameworks */ = {
			isa = PBXFrameworksBuildPhase;
			buildActionMask = 2147483647;
			files = (
				4450409BC95E1713831FB5BC /* Pods_AdminApp.framework in Frameworks */,
				16925A832BC16EFE00BF2005 /* OHHTTPStubsSwift in Frameworks */,
				16925A812BC16EFE00BF2005 /* OHHTTPStubs in Frameworks */,
			);
			runOnlyForDeploymentPostprocessing = 0;
		};
		1640A3552BA4557500B7D2AB /* Frameworks */ = {
			isa = PBXFrameworksBuildPhase;
			buildActionMask = 2147483647;
			files = (
				82F64B6FEB17CD3C963A7A79 /* Pods_AdminAppTests.framework in Frameworks */,
			);
			runOnlyForDeploymentPostprocessing = 0;
		};
		1640A35F2BA4557500B7D2AB /* Frameworks */ = {
			isa = PBXFrameworksBuildPhase;
			buildActionMask = 2147483647;
			files = (
				F4359AF94B261388624398D8 /* Pods_AdminApp_AdminAppUITests.framework in Frameworks */,
			);
			runOnlyForDeploymentPostprocessing = 0;
		};
/* End PBXFrameworksBuildPhase section */

/* Begin PBXGroup section */
		16159ECB2BE0AC1E0022FDB5 /* Alert */ = {
			isa = PBXGroup;
			children = (
				16159ECC2BE0AC380022FDB5 /* ETAPopupViewController.swift */,
				16C9A4CD2BEBCCE000CD10FB /* ETAToastMessageView.swift */,
			);
			path = Alert;
			sourceTree = "<group>";
		};
		16339C342BBC57E9006438B8 /* Resource */ = {
			isa = PBXGroup;
			children = (
				1640A34E2BA4557500B7D2AB /* Assets.xcassets */,
				16339C352BBC57FF006438B8 /* Font */,
			);
			path = Resource;
			sourceTree = "<group>";
		};
		16339C352BBC57FF006438B8 /* Font */ = {
			isa = PBXGroup;
			children = (
				16339C442BBC5B48006438B8 /* Pretendard-Black.otf */,
				16339C3F2BBC5B47006438B8 /* Pretendard-Bold.otf */,
				16339C432BBC5B48006438B8 /* Pretendard-ExtraBold.otf */,
				16339C472BBC5B48006438B8 /* Pretendard-ExtraLight.otf */,
				16339C402BBC5B47006438B8 /* Pretendard-Light.otf */,
				16339C452BBC5B48006438B8 /* Pretendard-Medium.otf */,
				16339C462BBC5B48006438B8 /* Pretendard-Regular.otf */,
				16339C422BBC5B47006438B8 /* Pretendard-SemiBold.otf */,
				16339C412BBC5B47006438B8 /* Pretendard-Thin.otf */,
			);
			path = Font;
			sourceTree = "<group>";
		};
		16339C362BBC587F006438B8 /* CommonUI */ = {
			isa = PBXGroup;
			children = (
				16159ECB2BE0AC1E0022FDB5 /* Alert */,
				165E1C212BC1387400727C1D /* NavBar */,
				1657DE152BBDBE670038E383 /* WebView */,
				1657DE122BBDA6770038E383 /* CellHeader */,
				1657DE0A2BBD75960038E383 /* TabBar */,
				16339C392BBC5897006438B8 /* Label */,
				16339C382BBC5890006438B8 /* CheckBox */,
				16339C372BBC588A006438B8 /* Button */,
				16339C3B2BBC58D4006438B8 /* Color+.swift */,
				16339C512BBC6429006438B8 /* Font+.swift */,
				16339C532BBC6579006438B8 /* Image+.swift */,
				16339C552BBC685B006438B8 /* TextField+.swift */,
				166416D32BDF740F00BA3BB5 /* UIView+.swift */,
				160E0CEB2BF346CA0078F7A7 /* UIViewController+.swift */,
			);
			path = CommonUI;
			sourceTree = "<group>";
		};
		16339C372BBC588A006438B8 /* Button */ = {
			isa = PBXGroup;
			children = (
				16339C572BBC6916006438B8 /* ETAButton.swift */,
				16339C592BBC6924006438B8 /* ETAToggleButton.swift */,
			);
			path = Button;
			sourceTree = "<group>";
		};
		16339C382BBC5890006438B8 /* CheckBox */ = {
			isa = PBXGroup;
			children = (
			);
			path = CheckBox;
			sourceTree = "<group>";
		};
		16339C392BBC5897006438B8 /* Label */ = {
			isa = PBXGroup;
			children = (
				16339C3D2BBC59DB006438B8 /* ETALabel.swift */,
			);
			path = Label;
			sourceTree = "<group>";
		};
		1640A3392BA4557200B7D2AB = {
			isa = PBXGroup;
			children = (
				1640A3442BA4557200B7D2AB /* AdminApp */,
				1640A35B2BA4557500B7D2AB /* AdminAppTests */,
				1640A3652BA4557500B7D2AB /* AdminAppUITests */,
				1640A3432BA4557200B7D2AB /* Products */,
				5FCAE310E0616AC3C9E8F187 /* Pods */,
				E7B0326BF493E6DB936DC3CF /* Frameworks */,
			);
			sourceTree = "<group>";
		};
		1640A3432BA4557200B7D2AB /* Products */ = {
			isa = PBXGroup;
			children = (
				1640A3422BA4557200B7D2AB /* AdminApp.app */,
				1640A3582BA4557500B7D2AB /* AdminAppTests.xctest */,
				1640A3622BA4557500B7D2AB /* AdminAppUITests.xctest */,
			);
			name = Products;
			sourceTree = "<group>";
		};
		1640A3442BA4557200B7D2AB /* AdminApp */ = {
			isa = PBXGroup;
			children = (
				16339C342BBC57E9006438B8 /* Resource */,
				16D8E71F2BB6CE48009EC7A4 /* Constant */,
				16D8E7162BB5CC0E009EC7A4 /* Network */,
				16782AAD2BB2FFA200B7C829 /* Utils */,
				16782AA62BB2A0A100B7C829 /* Extension */,
				168F17252BA8144200695AF2 /* Model */,
				168F17202BA80F2900695AF2 /* Manager */,
				168F17132BA7DB0E00695AF2 /* Present */,
				1640A3452BA4557200B7D2AB /* AppDelegate.swift */,
				1640A3472BA4557200B7D2AB /* SceneDelegate.swift */,
				1640A3502BA4557500B7D2AB /* LaunchScreen.storyboard */,
				1640A3532BA4557500B7D2AB /* Info.plist */,
			);
			path = AdminApp;
			sourceTree = "<group>";
		};
		1640A35B2BA4557500B7D2AB /* AdminAppTests */ = {
			isa = PBXGroup;
			children = (
				1640A35C2BA4557500B7D2AB /* AdminAppTests.swift */,
			);
			path = AdminAppTests;
			sourceTree = "<group>";
		};
		1640A3652BA4557500B7D2AB /* AdminAppUITests */ = {
			isa = PBXGroup;
			children = (
				1640A3662BA4557500B7D2AB /* AdminAppUITests.swift */,
				1640A3682BA4557500B7D2AB /* AdminAppUITestsLaunchTests.swift */,
			);
			path = AdminAppUITests;
			sourceTree = "<group>";
		};
		1657DE022BBD708C0038E383 /* APIAnalyze */ = {
			isa = PBXGroup;
			children = (
				168D69772BB4046C00A81AC3 /* AnalzyeAPIViewController.swift */,
				1683F7332BC6CB7000C24F1A /* ChartView.swift */,
			);
			path = APIAnalyze;
			sourceTree = "<group>";
		};
		1657DE042BBD71B70038E383 /* TabBar */ = {
			isa = PBXGroup;
			children = (
				1657DE052BBD71CE0038E383 /* TabBarController.swift */,
			);
			path = TabBar;
			sourceTree = "<group>";
		};
		1657DE072BBD743F0038E383 /* ApiKey */ = {
			isa = PBXGroup;
			children = (
				16EFBA162BE9E18A0066E751 /* Section */,
				16782AAB2BB2FE7700B7C829 /* APIKeyCell.swift */,
				1657DE082BBD74980038E383 /* ApiKeyViewController.swift */,
				1657DE0D2BBD7FD80038E383 /* APIKeyViewModel.swift */,
				16D84C0E2BEDBC0400A035D4 /* APIKeyDetailViewModel.swift */,
				16EFBA192BE9F6E10066E751 /* temp.swift */,
				1685A2812BECB4500003DFA5 /* APIKeyDetailViewController.swift */,
			);
			path = ApiKey;
			sourceTree = "<group>";
		};
		1657DE0A2BBD75960038E383 /* TabBar */ = {
			isa = PBXGroup;
			children = (
				1657DE0B2BBD75B40038E383 /* ETATabBar.swift */,
			);
			path = TabBar;
			sourceTree = "<group>";
		};
		1657DE122BBDA6770038E383 /* CellHeader */ = {
			isa = PBXGroup;
			children = (
				16782AB32BB3396000B7C829 /* CustomCollectionViewCellHeader.swift */,
				16EBB0652BDFD74600E6C417 /* SmallCellHeader.swift */,
				16EBB0692BDFE4A800E6C417 /* SmallCellFooter.swift */,
			);
			path = CellHeader;
			sourceTree = "<group>";
		};
		1657DE142BBDBC1E0038E383 /* RegisterCard */ = {
			isa = PBXGroup;
			children = (
				169A43B82BB41AD600A7113C /* KaKaoPayViewController.swift */,
				168D69752BB4031500A81AC3 /* RegisterCardViewController.swift */,
				16D8E71D2BB64CB8009EC7A4 /* RegisterCardViewModel.swift */,
			);
			path = RegisterCard;
			sourceTree = "<group>";
		};
		1657DE152BBDBE670038E383 /* WebView */ = {
			isa = PBXGroup;
			children = (
				1657DE162BBDBE830038E383 /* CommonWebViewController.swift */,
			);
			path = WebView;
			sourceTree = "<group>";
		};
		165E1C212BC1387400727C1D /* NavBar */ = {
			isa = PBXGroup;
			children = (
			);
			path = NavBar;
			sourceTree = "<group>";
		};
		166416D52BDF94BA00BA3BB5 /* Section */ = {
			isa = PBXGroup;
			children = (
				166416D12BDF738900BA3BB5 /* ProfileViewCell.swift */,
				166416D62BDF94D800BA3BB5 /* CreditCardViewCell.swift */,
				16EBB06B2BDFF40900E6C417 /* RegisterCreditCardViewCell.swift */,
				164F86E32BDFF95A00921C25 /* OtherViewCell.swift */,
			);
			path = Section;
			sourceTree = "<group>";
		};
		1672A6062BC2798E00F8E11D /* Purchase */ = {
			isa = PBXGroup;
			children = (
				168D69732BB402EA00A81AC3 /* PurchaseViewController.swift */,
				1672A6072BC27C8700F8E11D /* PurchaseCell.swift */,
			);
			path = Purchase;
			sourceTree = "<group>";
		};
		16782AA22BB1C11B00B7C829 /* LoginWebView */ = {
			isa = PBXGroup;
			children = (
				168F17162BA7F25C00695AF2 /* KaKaoLoginWebViewController.swift */,
				16782AA42BB1C19E00B7C829 /* WebViewDelegate.swift */,
			);
			path = LoginWebView;
			sourceTree = "<group>";
		};
		16782AA62BB2A0A100B7C829 /* Extension */ = {
			isa = PBXGroup;
			children = (
				16782AA72BB2A0B700B7C829 /* ViewConfiguration.swift */,
			);
			path = Extension;
			sourceTree = "<group>";
		};
		16782AAD2BB2FFA200B7C829 /* Utils */ = {
			isa = PBXGroup;
			children = (
				16782AAE2BB2FFB400B7C829 /* Common.swift */,
			);
			path = Utils;
			sourceTree = "<group>";
		};
		16782AB02BB3101400B7C829 /* Profile */ = {
			isa = PBXGroup;
			children = (
				166416D52BDF94BA00BA3BB5 /* Section */,
				16782AB12BB3104B00B7C829 /* ProfileViewController.swift */,
				1657DE0F2BBD80740038E383 /* ProfileViewModel.swift */,
				1698A6E92BF3A92700D62033 /* PaymentHistoryViewController.swift */,
				1698A6EF2BF3B79000D62033 /* PaymentHistoryViewModel.swift */,
				1698A6EB2BF3AF8400D62033 /* PaymentHistoryCell.swift */,
			);
			path = Profile;
			sourceTree = "<group>";
		};
		168D696E2BB35B4D00A81AC3 /* Detail */ = {
			isa = PBXGroup;
			children = (
				1672A6062BC2798E00F8E11D /* Purchase */,
				1657DE142BBDBC1E0038E383 /* RegisterCard */,
			);
			path = Detail;
			sourceTree = "<group>";
		};
		168F17132BA7DB0E00695AF2 /* Present */ = {
			isa = PBXGroup;
			children = (
				16339C362BBC587F006438B8 /* CommonUI */,
				1657DE072BBD743F0038E383 /* ApiKey */,
				1657DE042BBD71B70038E383 /* TabBar */,
				1657DE022BBD708C0038E383 /* APIAnalyze */,
				168D696E2BB35B4D00A81AC3 /* Detail */,
				16782AB02BB3101400B7C829 /* Profile */,
				168F17142BA7DB1400695AF2 /* Home */,
				168F17152BA7DB1900695AF2 /* Login */,
			);
			path = Present;
			sourceTree = "<group>";
		};
		168F17142BA7DB1400695AF2 /* Home */ = {
			isa = PBXGroup;
			children = (
				168F171A2BA7F60F00695AF2 /* HomeViewController.swift */,
				16782AA92BB2F87700B7C829 /* HomeViewModel.swift */,
				168D69682BB3482F00A81AC3 /* HomePagingItemCell.swift */,
			);
			path = Home;
			sourceTree = "<group>";
		};
		168F17152BA7DB1900695AF2 /* Login */ = {
			isa = PBXGroup;
			children = (
				16782AA22BB1C11B00B7C829 /* LoginWebView */,
				1640A3492BA4557200B7D2AB /* LoginViewController.swift */,
			);
			path = Login;
			sourceTree = "<group>";
		};
		168F17202BA80F2900695AF2 /* Manager */ = {
			isa = PBXGroup;
			children = (
				168F17212BA80F3800695AF2 /* AuthManager.swift */,
				168F17232BA8134E00695AF2 /* KeyChainManager.swift */,
			);
			path = Manager;
			sourceTree = "<group>";
		};
		168F17252BA8144200695AF2 /* Model */ = {
			isa = PBXGroup;
			children = (
				168F17312BAAC52500695AF2 /* APIKey.swift */,
				168D696C2BB34BC200A81AC3 /* PagingItem.swift */,
				169A43BC2BB41F1500A7113C /* PaymentResponse.swift */,
				16D8E7192BB5CD21009EC7A4 /* PaymentRequest.swift */,
				16925A7B2BC15A7B00BF2005 /* UserModel.swift */,
				16925A7D2BC1674700BF2005 /* CardListResponse.swift */,
				1683F7282BC558F200C24F1A /* ApiChargeResponse.swift */,
				16EBB0672BDFE44A00E6C417 /* ProfileItem.swift */,
				16EFBA142BE7BF360066E751 /* APIKeyItem.swift */,
				160A5A662BEE21DB004A8C7E /* APIKeyResponse.swift */,
				1698A6ED2BF3B2D100D62033 /* PaymentHistoryResponse.swift */,
			);
			path = Model;
			sourceTree = "<group>";
		};
		16D8E7162BB5CC0E009EC7A4 /* Network */ = {
			isa = PBXGroup;
			children = (
				16D8E7172BB5CCD6009EC7A4 /* Resource.swift */,
				16D8E71B2BB5CF1E009EC7A4 /* NetworkService.swift */,
			);
			path = Network;
			sourceTree = "<group>";
		};
		16D8E71F2BB6CE48009EC7A4 /* Constant */ = {
			isa = PBXGroup;
			children = (
				16D8E7202BB6CE58009EC7A4 /* Config.swift */,
			);
			path = Constant;
			sourceTree = "<group>";
		};
		16EFBA162BE9E18A0066E751 /* Section */ = {
			isa = PBXGroup;
			children = (
				16EFBA172BE9E8EB0066E751 /* APIKeyInfoCell.swift */,
				16EFBA1B2BE9F8240066E751 /* APIKeyImageCell.swift */,
				1685A2832BECD23E0003DFA5 /* APIKeyListCell.swift */,
			);
			path = Section;
			sourceTree = "<group>";
		};
		5FCAE310E0616AC3C9E8F187 /* Pods */ = {
			isa = PBXGroup;
			children = (
				07AA251D80B1FF342675A42A /* Pods-AdminApp.debug.xcconfig */,
				9B7F41EA995B29D72EF04D0C /* Pods-AdminApp.release.xcconfig */,
				CBF31104EDBD14C3C6F191AC /* Pods-AdminApp-AdminAppUITests.debug.xcconfig */,
				7D8AA691F3D29D99F38FF173 /* Pods-AdminApp-AdminAppUITests.release.xcconfig */,
				15226FD0333DC7F3408F5506 /* Pods-AdminAppTests.debug.xcconfig */,
				0A98A95A9E5D83183F085B17 /* Pods-AdminAppTests.release.xcconfig */,
			);
			path = Pods;
			sourceTree = "<group>";
		};
		E7B0326BF493E6DB936DC3CF /* Frameworks */ = {
			isa = PBXGroup;
			children = (
				FDEDF02EE568526C415916F7 /* Pods_AdminApp.framework */,
				B5C7731E6278878D40660863 /* Pods_AdminApp_AdminAppUITests.framework */,
				F6E8D0A078E142A687B70E06 /* Pods_AdminAppTests.framework */,
			);
			name = Frameworks;
			sourceTree = "<group>";
		};
/* End PBXGroup section */

/* Begin PBXNativeTarget section */
		1640A3412BA4557200B7D2AB /* AdminApp */ = {
			isa = PBXNativeTarget;
			buildConfigurationList = 1640A36C2BA4557500B7D2AB /* Build configuration list for PBXNativeTarget "AdminApp" */;
			buildPhases = (
				26D76A5F5A7C0B08F3D52389 /* [CP] Check Pods Manifest.lock */,
				1640A33E2BA4557200B7D2AB /* Sources */,
				1640A33F2BA4557200B7D2AB /* Frameworks */,
				1640A3402BA4557200B7D2AB /* Resources */,
				46BD3E30C61CF404C533B9C0 /* [CP] Embed Pods Frameworks */,
			);
			buildRules = (
			);
			dependencies = (
			);
			name = AdminApp;
			packageProductDependencies = (
				16925A802BC16EFE00BF2005 /* OHHTTPStubs */,
				16925A822BC16EFE00BF2005 /* OHHTTPStubsSwift */,
			);
			productName = AdminApp;
			productReference = 1640A3422BA4557200B7D2AB /* AdminApp.app */;
			productType = "com.apple.product-type.application";
		};
		1640A3572BA4557500B7D2AB /* AdminAppTests */ = {
			isa = PBXNativeTarget;
			buildConfigurationList = 1640A36F2BA4557500B7D2AB /* Build configuration list for PBXNativeTarget "AdminAppTests" */;
			buildPhases = (
				F1092FD96ED687A925596698 /* [CP] Check Pods Manifest.lock */,
				1640A3542BA4557500B7D2AB /* Sources */,
				1640A3552BA4557500B7D2AB /* Frameworks */,
				1640A3562BA4557500B7D2AB /* Resources */,
			);
			buildRules = (
			);
			dependencies = (
				1640A35A2BA4557500B7D2AB /* PBXTargetDependency */,
			);
			name = AdminAppTests;
			productName = AdminAppTests;
			productReference = 1640A3582BA4557500B7D2AB /* AdminAppTests.xctest */;
			productType = "com.apple.product-type.bundle.unit-test";
		};
		1640A3612BA4557500B7D2AB /* AdminAppUITests */ = {
			isa = PBXNativeTarget;
			buildConfigurationList = 1640A3722BA4557500B7D2AB /* Build configuration list for PBXNativeTarget "AdminAppUITests" */;
			buildPhases = (
				07A20A171F6F0669A230F563 /* [CP] Check Pods Manifest.lock */,
				1640A35E2BA4557500B7D2AB /* Sources */,
				1640A35F2BA4557500B7D2AB /* Frameworks */,
				1640A3602BA4557500B7D2AB /* Resources */,
				4C22645ECBD75FCDB0ADDD71 /* [CP] Embed Pods Frameworks */,
			);
			buildRules = (
			);
			dependencies = (
				1640A3642BA4557500B7D2AB /* PBXTargetDependency */,
			);
			name = AdminAppUITests;
			productName = AdminAppUITests;
			productReference = 1640A3622BA4557500B7D2AB /* AdminAppUITests.xctest */;
			productType = "com.apple.product-type.bundle.ui-testing";
		};
/* End PBXNativeTarget section */

/* Begin PBXProject section */
		1640A33A2BA4557200B7D2AB /* Project object */ = {
			isa = PBXProject;
			attributes = {
				BuildIndependentTargetsInParallel = 1;
				LastSwiftUpdateCheck = 1500;
				LastUpgradeCheck = 1500;
				TargetAttributes = {
					1640A3412BA4557200B7D2AB = {
						CreatedOnToolsVersion = 15.0.1;
					};
					1640A3572BA4557500B7D2AB = {
						CreatedOnToolsVersion = 15.0.1;
						TestTargetID = 1640A3412BA4557200B7D2AB;
					};
					1640A3612BA4557500B7D2AB = {
						CreatedOnToolsVersion = 15.0.1;
						TestTargetID = 1640A3412BA4557200B7D2AB;
					};
				};
			};
			buildConfigurationList = 1640A33D2BA4557200B7D2AB /* Build configuration list for PBXProject "AdminApp" */;
			compatibilityVersion = "Xcode 14.0";
			developmentRegion = en;
			hasScannedForEncodings = 0;
			knownRegions = (
				en,
				Base,
			);
			mainGroup = 1640A3392BA4557200B7D2AB;
			packageReferences = (
				16925A7F2BC16EFE00BF2005 /* XCRemoteSwiftPackageReference "OHHTTPStubs" */,
			);
			productRefGroup = 1640A3432BA4557200B7D2AB /* Products */;
			projectDirPath = "";
			projectRoot = "";
			targets = (
				1640A3412BA4557200B7D2AB /* AdminApp */,
				1640A3572BA4557500B7D2AB /* AdminAppTests */,
				1640A3612BA4557500B7D2AB /* AdminAppUITests */,
			);
		};
/* End PBXProject section */

/* Begin PBXResourcesBuildPhase section */
		1640A3402BA4557200B7D2AB /* Resources */ = {
			isa = PBXResourcesBuildPhase;
			buildActionMask = 2147483647;
			files = (
				1640A3522BA4557500B7D2AB /* LaunchScreen.storyboard in Resources */,
				16339C4A2BBC5B48006438B8 /* Pretendard-Thin.otf in Resources */,
				16339C4C2BBC5B48006438B8 /* Pretendard-ExtraBold.otf in Resources */,
				16339C492BBC5B48006438B8 /* Pretendard-Light.otf in Resources */,
				16339C4B2BBC5B48006438B8 /* Pretendard-SemiBold.otf in Resources */,
				16339C482BBC5B48006438B8 /* Pretendard-Bold.otf in Resources */,
				16339C4D2BBC5B48006438B8 /* Pretendard-Black.otf in Resources */,
				16339C4F2BBC5B48006438B8 /* Pretendard-Regular.otf in Resources */,
				1640A34F2BA4557500B7D2AB /* Assets.xcassets in Resources */,
				16339C4E2BBC5B48006438B8 /* Pretendard-Medium.otf in Resources */,
				16339C502BBC5B48006438B8 /* Pretendard-ExtraLight.otf in Resources */,
			);
			runOnlyForDeploymentPostprocessing = 0;
		};
		1640A3562BA4557500B7D2AB /* Resources */ = {
			isa = PBXResourcesBuildPhase;
			buildActionMask = 2147483647;
			files = (
			);
			runOnlyForDeploymentPostprocessing = 0;
		};
		1640A3602BA4557500B7D2AB /* Resources */ = {
			isa = PBXResourcesBuildPhase;
			buildActionMask = 2147483647;
			files = (
			);
			runOnlyForDeploymentPostprocessing = 0;
		};
/* End PBXResourcesBuildPhase section */

/* Begin PBXShellScriptBuildPhase section */
		07A20A171F6F0669A230F563 /* [CP] Check Pods Manifest.lock */ = {
			isa = PBXShellScriptBuildPhase;
			buildActionMask = 2147483647;
			files = (
			);
			inputFileListPaths = (
			);
			inputPaths = (
				"${PODS_PODFILE_DIR_PATH}/Podfile.lock",
				"${PODS_ROOT}/Manifest.lock",
			);
			name = "[CP] Check Pods Manifest.lock";
			outputFileListPaths = (
			);
			outputPaths = (
				"$(DERIVED_FILE_DIR)/Pods-AdminApp-AdminAppUITests-checkManifestLockResult.txt",
			);
			runOnlyForDeploymentPostprocessing = 0;
			shellPath = /bin/sh;
			shellScript = "diff \"${PODS_PODFILE_DIR_PATH}/Podfile.lock\" \"${PODS_ROOT}/Manifest.lock\" > /dev/null\nif [ $? != 0 ] ; then\n    # print error to STDERR\n    echo \"error: The sandbox is not in sync with the Podfile.lock. Run 'pod install' or update your CocoaPods installation.\" >&2\n    exit 1\nfi\n# This output is used by Xcode 'outputs' to avoid re-running this script phase.\necho \"SUCCESS\" > \"${SCRIPT_OUTPUT_FILE_0}\"\n";
			showEnvVarsInLog = 0;
		};
		26D76A5F5A7C0B08F3D52389 /* [CP] Check Pods Manifest.lock */ = {
			isa = PBXShellScriptBuildPhase;
			buildActionMask = 2147483647;
			files = (
			);
			inputFileListPaths = (
			);
			inputPaths = (
				"${PODS_PODFILE_DIR_PATH}/Podfile.lock",
				"${PODS_ROOT}/Manifest.lock",
			);
			name = "[CP] Check Pods Manifest.lock";
			outputFileListPaths = (
			);
			outputPaths = (
				"$(DERIVED_FILE_DIR)/Pods-AdminApp-checkManifestLockResult.txt",
			);
			runOnlyForDeploymentPostprocessing = 0;
			shellPath = /bin/sh;
			shellScript = "diff \"${PODS_PODFILE_DIR_PATH}/Podfile.lock\" \"${PODS_ROOT}/Manifest.lock\" > /dev/null\nif [ $? != 0 ] ; then\n    # print error to STDERR\n    echo \"error: The sandbox is not in sync with the Podfile.lock. Run 'pod install' or update your CocoaPods installation.\" >&2\n    exit 1\nfi\n# This output is used by Xcode 'outputs' to avoid re-running this script phase.\necho \"SUCCESS\" > \"${SCRIPT_OUTPUT_FILE_0}\"\n";
			showEnvVarsInLog = 0;
		};
		46BD3E30C61CF404C533B9C0 /* [CP] Embed Pods Frameworks */ = {
			isa = PBXShellScriptBuildPhase;
			buildActionMask = 2147483647;
			files = (
			);
			inputFileListPaths = (
				"${PODS_ROOT}/Target Support Files/Pods-AdminApp/Pods-AdminApp-frameworks-${CONFIGURATION}-input-files.xcfilelist",
			);
			name = "[CP] Embed Pods Frameworks";
			outputFileListPaths = (
				"${PODS_ROOT}/Target Support Files/Pods-AdminApp/Pods-AdminApp-frameworks-${CONFIGURATION}-output-files.xcfilelist",
			);
			runOnlyForDeploymentPostprocessing = 0;
			shellPath = /bin/sh;
			shellScript = "\"${PODS_ROOT}/Target Support Files/Pods-AdminApp/Pods-AdminApp-frameworks.sh\"\n";
			showEnvVarsInLog = 0;
		};
		4C22645ECBD75FCDB0ADDD71 /* [CP] Embed Pods Frameworks */ = {
			isa = PBXShellScriptBuildPhase;
			buildActionMask = 2147483647;
			files = (
			);
			inputFileListPaths = (
				"${PODS_ROOT}/Target Support Files/Pods-AdminApp-AdminAppUITests/Pods-AdminApp-AdminAppUITests-frameworks-${CONFIGURATION}-input-files.xcfilelist",
			);
			name = "[CP] Embed Pods Frameworks";
			outputFileListPaths = (
				"${PODS_ROOT}/Target Support Files/Pods-AdminApp-AdminAppUITests/Pods-AdminApp-AdminAppUITests-frameworks-${CONFIGURATION}-output-files.xcfilelist",
			);
			runOnlyForDeploymentPostprocessing = 0;
			shellPath = /bin/sh;
			shellScript = "\"${PODS_ROOT}/Target Support Files/Pods-AdminApp-AdminAppUITests/Pods-AdminApp-AdminAppUITests-frameworks.sh\"\n";
			showEnvVarsInLog = 0;
		};
		F1092FD96ED687A925596698 /* [CP] Check Pods Manifest.lock */ = {
			isa = PBXShellScriptBuildPhase;
			buildActionMask = 2147483647;
			files = (
			);
			inputFileListPaths = (
			);
			inputPaths = (
				"${PODS_PODFILE_DIR_PATH}/Podfile.lock",
				"${PODS_ROOT}/Manifest.lock",
			);
			name = "[CP] Check Pods Manifest.lock";
			outputFileListPaths = (
			);
			outputPaths = (
				"$(DERIVED_FILE_DIR)/Pods-AdminAppTests-checkManifestLockResult.txt",
			);
			runOnlyForDeploymentPostprocessing = 0;
			shellPath = /bin/sh;
			shellScript = "diff \"${PODS_PODFILE_DIR_PATH}/Podfile.lock\" \"${PODS_ROOT}/Manifest.lock\" > /dev/null\nif [ $? != 0 ] ; then\n    # print error to STDERR\n    echo \"error: The sandbox is not in sync with the Podfile.lock. Run 'pod install' or update your CocoaPods installation.\" >&2\n    exit 1\nfi\n# This output is used by Xcode 'outputs' to avoid re-running this script phase.\necho \"SUCCESS\" > \"${SCRIPT_OUTPUT_FILE_0}\"\n";
			showEnvVarsInLog = 0;
		};
/* End PBXShellScriptBuildPhase section */

/* Begin PBXSourcesBuildPhase section */
		1640A33E2BA4557200B7D2AB /* Sources */ = {
			isa = PBXSourcesBuildPhase;
			buildActionMask = 2147483647;
			files = (
				16782AB42BB3396000B7C829 /* CustomCollectionViewCellHeader.swift in Sources */,
				16339C3C2BBC58D4006438B8 /* Color+.swift in Sources */,
				1685A2842BECD23E0003DFA5 /* APIKeyListCell.swift in Sources */,
				168D696D2BB34BC200A81AC3 /* PagingItem.swift in Sources */,
				169A43BD2BB41F1500A7113C /* PaymentResponse.swift in Sources */,
				1698A6EC2BF3AF8500D62033 /* PaymentHistoryCell.swift in Sources */,
				168F17172BA7F25C00695AF2 /* KaKaoLoginWebViewController.swift in Sources */,
				16EFBA1A2BE9F6E10066E751 /* temp.swift in Sources */,
				16782AAA2BB2F87700B7C829 /* HomeViewModel.swift in Sources */,
				160A5A672BEE21DB004A8C7E /* APIKeyResponse.swift in Sources */,
				16782AAF2BB2FFB400B7C829 /* Common.swift in Sources */,
				16EBB0662BDFD74600E6C417 /* SmallCellHeader.swift in Sources */,
				168D69742BB402EA00A81AC3 /* PurchaseViewController.swift in Sources */,
				16339C522BBC6429006438B8 /* Font+.swift in Sources */,
				16339C562BBC685B006438B8 /* TextField+.swift in Sources */,
				1685A2822BECB4500003DFA5 /* APIKeyDetailViewController.swift in Sources */,
				1657DE062BBD71CE0038E383 /* TabBarController.swift in Sources */,
				166416D42BDF740F00BA3BB5 /* UIView+.swift in Sources */,
				1657DE0C2BBD75B40038E383 /* ETATabBar.swift in Sources */,
				16339C542BBC6579006438B8 /* Image+.swift in Sources */,
				16339C3E2BBC59DB006438B8 /* ETALabel.swift in Sources */,
				16D8E71A2BB5CD21009EC7A4 /* PaymentRequest.swift in Sources */,
				168F17222BA80F3800695AF2 /* AuthManager.swift in Sources */,
				168D69692BB3482F00A81AC3 /* HomePagingItemCell.swift in Sources */,
				16782AB22BB3104B00B7C829 /* ProfileViewController.swift in Sources */,
				16EFBA152BE7BF360066E751 /* APIKeyItem.swift in Sources */,
				1698A6EE2BF3B2D100D62033 /* PaymentHistoryResponse.swift in Sources */,
				168F17322BAAC52500695AF2 /* APIKey.swift in Sources */,
				1657DE092BBD74980038E383 /* ApiKeyViewController.swift in Sources */,
				1683F7342BC6CB7000C24F1A /* ChartView.swift in Sources */,
				16EBB06A2BDFE4A800E6C417 /* SmallCellFooter.swift in Sources */,
				16D84C0F2BEDBC0400A035D4 /* APIKeyDetailViewModel.swift in Sources */,
				16C9A4CE2BEBCCE000CD10FB /* ETAToastMessageView.swift in Sources */,
				16159ECD2BE0AC380022FDB5 /* ETAPopupViewController.swift in Sources */,
				16EBB0682BDFE44A00E6C417 /* ProfileItem.swift in Sources */,
				166416D72BDF94D800BA3BB5 /* CreditCardViewCell.swift in Sources */,
				16D8E71C2BB5CF1E009EC7A4 /* NetworkService.swift in Sources */,
				168D69762BB4031500A81AC3 /* RegisterCardViewController.swift in Sources */,
				16925A7C2BC15A7B00BF2005 /* UserModel.swift in Sources */,
				1698A6EA2BF3A92700D62033 /* PaymentHistoryViewController.swift in Sources */,
				1657DE102BBD80740038E383 /* ProfileViewModel.swift in Sources */,
				16782AA82BB2A0B700B7C829 /* ViewConfiguration.swift in Sources */,
				168D69782BB4046C00A81AC3 /* AnalzyeAPIViewController.swift in Sources */,
				16EBB06C2BDFF40900E6C417 /* RegisterCreditCardViewCell.swift in Sources */,
				1640A34A2BA4557200B7D2AB /* LoginViewController.swift in Sources */,
				164F86E42BDFF95A00921C25 /* OtherViewCell.swift in Sources */,
				16EFBA1C2BE9F8240066E751 /* APIKeyImageCell.swift in Sources */,
				1698A6F02BF3B79000D62033 /* PaymentHistoryViewModel.swift in Sources */,
				1683F7292BC558F200C24F1A /* ApiChargeResponse.swift in Sources */,
				16782AAC2BB2FE7700B7C829 /* APIKeyCell.swift in Sources */,
				16339C582BBC6916006438B8 /* ETAButton.swift in Sources */,
				1672A6082BC27C8700F8E11D /* PurchaseCell.swift in Sources */,
				16D8E7182BB5CCD6009EC7A4 /* Resource.swift in Sources */,
				1640A3462BA4557200B7D2AB /* AppDelegate.swift in Sources */,
				1657DE0E2BBD7FD80038E383 /* APIKeyViewModel.swift in Sources */,
				16D8E7212BB6CE58009EC7A4 /* Config.swift in Sources */,
				169A43B92BB41AD600A7113C /* KaKaoPayViewController.swift in Sources */,
				16EFBA182BE9E8EB0066E751 /* APIKeyInfoCell.swift in Sources */,
				1640A3482BA4557200B7D2AB /* SceneDelegate.swift in Sources */,
				16782AA52BB1C19E00B7C829 /* WebViewDelegate.swift in Sources */,
				16925A7E2BC1674700BF2005 /* CardListResponse.swift in Sources */,
				16339C5A2BBC6924006438B8 /* ETAToggleButton.swift in Sources */,
				160E0CEC2BF346CA0078F7A7 /* UIViewController+.swift in Sources */,
				1657DE172BBDBE830038E383 /* CommonWebViewController.swift in Sources */,
				16D8E71E2BB64CB8009EC7A4 /* RegisterCardViewModel.swift in Sources */,
				166416D22BDF738900BA3BB5 /* ProfileViewCell.swift in Sources */,
				168F17242BA8134E00695AF2 /* KeyChainManager.swift in Sources */,
				168F171B2BA7F60F00695AF2 /* HomeViewController.swift in Sources */,
			);
			runOnlyForDeploymentPostprocessing = 0;
		};
		1640A3542BA4557500B7D2AB /* Sources */ = {
			isa = PBXSourcesBuildPhase;
			buildActionMask = 2147483647;
			files = (
				1640A35D2BA4557500B7D2AB /* AdminAppTests.swift in Sources */,
			);
			runOnlyForDeploymentPostprocessing = 0;
		};
		1640A35E2BA4557500B7D2AB /* Sources */ = {
			isa = PBXSourcesBuildPhase;
			buildActionMask = 2147483647;
			files = (
				1640A3692BA4557500B7D2AB /* AdminAppUITestsLaunchTests.swift in Sources */,
				1640A3672BA4557500B7D2AB /* AdminAppUITests.swift in Sources */,
			);
			runOnlyForDeploymentPostprocessing = 0;
		};
/* End PBXSourcesBuildPhase section */

/* Begin PBXTargetDependency section */
		1640A35A2BA4557500B7D2AB /* PBXTargetDependency */ = {
			isa = PBXTargetDependency;
			target = 1640A3412BA4557200B7D2AB /* AdminApp */;
			targetProxy = 1640A3592BA4557500B7D2AB /* PBXContainerItemProxy */;
		};
		1640A3642BA4557500B7D2AB /* PBXTargetDependency */ = {
			isa = PBXTargetDependency;
			target = 1640A3412BA4557200B7D2AB /* AdminApp */;
			targetProxy = 1640A3632BA4557500B7D2AB /* PBXContainerItemProxy */;
		};
/* End PBXTargetDependency section */

/* Begin PBXVariantGroup section */
		1640A3502BA4557500B7D2AB /* LaunchScreen.storyboard */ = {
			isa = PBXVariantGroup;
			children = (
				1640A3512BA4557500B7D2AB /* Base */,
			);
			name = LaunchScreen.storyboard;
			sourceTree = "<group>";
		};
/* End PBXVariantGroup section */

/* Begin XCBuildConfiguration section */
		1640A36A2BA4557500B7D2AB /* Debug */ = {
			isa = XCBuildConfiguration;
			buildSettings = {
				ALWAYS_SEARCH_USER_PATHS = NO;
				ASSETCATALOG_COMPILER_GENERATE_SWIFT_ASSET_SYMBOL_EXTENSIONS = YES;
				CLANG_ANALYZER_NONNULL = YES;
				CLANG_ANALYZER_NUMBER_OBJECT_CONVERSION = YES_AGGRESSIVE;
				CLANG_CXX_LANGUAGE_STANDARD = "gnu++20";
				CLANG_ENABLE_MODULES = YES;
				CLANG_ENABLE_OBJC_ARC = YES;
				CLANG_ENABLE_OBJC_WEAK = YES;
				CLANG_WARN_BLOCK_CAPTURE_AUTORELEASING = YES;
				CLANG_WARN_BOOL_CONVERSION = YES;
				CLANG_WARN_COMMA = YES;
				CLANG_WARN_CONSTANT_CONVERSION = YES;
				CLANG_WARN_DEPRECATED_OBJC_IMPLEMENTATIONS = YES;
				CLANG_WARN_DIRECT_OBJC_ISA_USAGE = YES_ERROR;
				CLANG_WARN_DOCUMENTATION_COMMENTS = YES;
				CLANG_WARN_EMPTY_BODY = YES;
				CLANG_WARN_ENUM_CONVERSION = YES;
				CLANG_WARN_INFINITE_RECURSION = YES;
				CLANG_WARN_INT_CONVERSION = YES;
				CLANG_WARN_NON_LITERAL_NULL_CONVERSION = YES;
				CLANG_WARN_OBJC_IMPLICIT_RETAIN_SELF = YES;
				CLANG_WARN_OBJC_LITERAL_CONVERSION = YES;
				CLANG_WARN_OBJC_ROOT_CLASS = YES_ERROR;
				CLANG_WARN_QUOTED_INCLUDE_IN_FRAMEWORK_HEADER = YES;
				CLANG_WARN_RANGE_LOOP_ANALYSIS = YES;
				CLANG_WARN_STRICT_PROTOTYPES = YES;
				CLANG_WARN_SUSPICIOUS_MOVE = YES;
				CLANG_WARN_UNGUARDED_AVAILABILITY = YES_AGGRESSIVE;
				CLANG_WARN_UNREACHABLE_CODE = YES;
				CLANG_WARN__DUPLICATE_METHOD_MATCH = YES;
				COPY_PHASE_STRIP = NO;
				DEBUG_INFORMATION_FORMAT = dwarf;
				ENABLE_STRICT_OBJC_MSGSEND = YES;
				ENABLE_TESTABILITY = YES;
				ENABLE_USER_SCRIPT_SANDBOXING = NO;
				GCC_C_LANGUAGE_STANDARD = gnu17;
				GCC_DYNAMIC_NO_PIC = NO;
				GCC_NO_COMMON_BLOCKS = YES;
				GCC_OPTIMIZATION_LEVEL = 0;
				GCC_PREPROCESSOR_DEFINITIONS = (
					"DEBUG=1",
					"$(inherited)",
				);
				GCC_WARN_64_TO_32_BIT_CONVERSION = YES;
				GCC_WARN_ABOUT_RETURN_TYPE = YES_ERROR;
				GCC_WARN_UNDECLARED_SELECTOR = YES;
				GCC_WARN_UNINITIALIZED_AUTOS = YES_AGGRESSIVE;
				GCC_WARN_UNUSED_FUNCTION = YES;
				GCC_WARN_UNUSED_VARIABLE = YES;
				IPHONEOS_DEPLOYMENT_TARGET = 17.0;
				LOCALIZATION_PREFERS_STRING_CATALOGS = YES;
				MTL_ENABLE_DEBUG_INFO = INCLUDE_SOURCE;
				MTL_FAST_MATH = YES;
				ONLY_ACTIVE_ARCH = YES;
				SDKROOT = iphoneos;
				SWIFT_ACTIVE_COMPILATION_CONDITIONS = "DEBUG $(inherited)";
				SWIFT_OPTIMIZATION_LEVEL = "-Onone";
			};
			name = Debug;
		};
		1640A36B2BA4557500B7D2AB /* Release */ = {
			isa = XCBuildConfiguration;
			buildSettings = {
				ALWAYS_SEARCH_USER_PATHS = NO;
				ASSETCATALOG_COMPILER_GENERATE_SWIFT_ASSET_SYMBOL_EXTENSIONS = YES;
				CLANG_ANALYZER_NONNULL = YES;
				CLANG_ANALYZER_NUMBER_OBJECT_CONVERSION = YES_AGGRESSIVE;
				CLANG_CXX_LANGUAGE_STANDARD = "gnu++20";
				CLANG_ENABLE_MODULES = YES;
				CLANG_ENABLE_OBJC_ARC = YES;
				CLANG_ENABLE_OBJC_WEAK = YES;
				CLANG_WARN_BLOCK_CAPTURE_AUTORELEASING = YES;
				CLANG_WARN_BOOL_CONVERSION = YES;
				CLANG_WARN_COMMA = YES;
				CLANG_WARN_CONSTANT_CONVERSION = YES;
				CLANG_WARN_DEPRECATED_OBJC_IMPLEMENTATIONS = YES;
				CLANG_WARN_DIRECT_OBJC_ISA_USAGE = YES_ERROR;
				CLANG_WARN_DOCUMENTATION_COMMENTS = YES;
				CLANG_WARN_EMPTY_BODY = YES;
				CLANG_WARN_ENUM_CONVERSION = YES;
				CLANG_WARN_INFINITE_RECURSION = YES;
				CLANG_WARN_INT_CONVERSION = YES;
				CLANG_WARN_NON_LITERAL_NULL_CONVERSION = YES;
				CLANG_WARN_OBJC_IMPLICIT_RETAIN_SELF = YES;
				CLANG_WARN_OBJC_LITERAL_CONVERSION = YES;
				CLANG_WARN_OBJC_ROOT_CLASS = YES_ERROR;
				CLANG_WARN_QUOTED_INCLUDE_IN_FRAMEWORK_HEADER = YES;
				CLANG_WARN_RANGE_LOOP_ANALYSIS = YES;
				CLANG_WARN_STRICT_PROTOTYPES = YES;
				CLANG_WARN_SUSPICIOUS_MOVE = YES;
				CLANG_WARN_UNGUARDED_AVAILABILITY = YES_AGGRESSIVE;
				CLANG_WARN_UNREACHABLE_CODE = YES;
				CLANG_WARN__DUPLICATE_METHOD_MATCH = YES;
				COPY_PHASE_STRIP = NO;
				DEBUG_INFORMATION_FORMAT = "dwarf-with-dsym";
				ENABLE_NS_ASSERTIONS = NO;
				ENABLE_STRICT_OBJC_MSGSEND = YES;
				ENABLE_USER_SCRIPT_SANDBOXING = NO;
				GCC_C_LANGUAGE_STANDARD = gnu17;
				GCC_NO_COMMON_BLOCKS = YES;
				GCC_WARN_64_TO_32_BIT_CONVERSION = YES;
				GCC_WARN_ABOUT_RETURN_TYPE = YES_ERROR;
				GCC_WARN_UNDECLARED_SELECTOR = YES;
				GCC_WARN_UNINITIALIZED_AUTOS = YES_AGGRESSIVE;
				GCC_WARN_UNUSED_FUNCTION = YES;
				GCC_WARN_UNUSED_VARIABLE = YES;
				IPHONEOS_DEPLOYMENT_TARGET = 17.0;
				LOCALIZATION_PREFERS_STRING_CATALOGS = YES;
				MTL_ENABLE_DEBUG_INFO = NO;
				MTL_FAST_MATH = YES;
				SDKROOT = iphoneos;
				SWIFT_COMPILATION_MODE = wholemodule;
				VALIDATE_PRODUCT = YES;
			};
			name = Release;
		};
		1640A36D2BA4557500B7D2AB /* Debug */ = {
			isa = XCBuildConfiguration;
			baseConfigurationReference = 07AA251D80B1FF342675A42A /* Pods-AdminApp.debug.xcconfig */;
			buildSettings = {
				ASSETCATALOG_COMPILER_APPICON_NAME = AppIcon;
				ASSETCATALOG_COMPILER_GLOBAL_ACCENT_COLOR_NAME = AccentColor;
				CODE_SIGN_STYLE = Automatic;
				CURRENT_PROJECT_VERSION = 1;
				DEVELOPMENT_TEAM = Y6Z9S947T8;
				GENERATE_INFOPLIST_FILE = YES;
				INFOPLIST_FILE = AdminApp/Info.plist;
				INFOPLIST_KEY_UIApplicationSupportsIndirectInputEvents = YES;
				INFOPLIST_KEY_UILaunchStoryboardName = LaunchScreen;
				INFOPLIST_KEY_UISupportedInterfaceOrientations_iPad = "UIInterfaceOrientationPortrait UIInterfaceOrientationPortraitUpsideDown UIInterfaceOrientationLandscapeLeft UIInterfaceOrientationLandscapeRight";
				INFOPLIST_KEY_UISupportedInterfaceOrientations_iPhone = "UIInterfaceOrientationPortrait UIInterfaceOrientationLandscapeLeft UIInterfaceOrientationLandscapeRight";
				LD_RUNPATH_SEARCH_PATHS = (
					"$(inherited)",
					"@executable_path/Frameworks",
				);
				MARKETING_VERSION = 1.0;
				PRODUCT_BUNDLE_IDENTIFIER = SJ.Respect.AdminApp;
				PRODUCT_NAME = "$(TARGET_NAME)";
				SWIFT_EMIT_LOC_STRINGS = YES;
				SWIFT_VERSION = 5.0;
				TARGETED_DEVICE_FAMILY = "1,2";
			};
			name = Debug;
		};
		1640A36E2BA4557500B7D2AB /* Release */ = {
			isa = XCBuildConfiguration;
			baseConfigurationReference = 9B7F41EA995B29D72EF04D0C /* Pods-AdminApp.release.xcconfig */;
			buildSettings = {
				ASSETCATALOG_COMPILER_APPICON_NAME = AppIcon;
				ASSETCATALOG_COMPILER_GLOBAL_ACCENT_COLOR_NAME = AccentColor;
				CODE_SIGN_STYLE = Automatic;
				CURRENT_PROJECT_VERSION = 1;
				DEVELOPMENT_TEAM = Y6Z9S947T8;
				GENERATE_INFOPLIST_FILE = YES;
				INFOPLIST_FILE = AdminApp/Info.plist;
				INFOPLIST_KEY_UIApplicationSupportsIndirectInputEvents = YES;
				INFOPLIST_KEY_UILaunchStoryboardName = LaunchScreen;
				INFOPLIST_KEY_UISupportedInterfaceOrientations_iPad = "UIInterfaceOrientationPortrait UIInterfaceOrientationPortraitUpsideDown UIInterfaceOrientationLandscapeLeft UIInterfaceOrientationLandscapeRight";
				INFOPLIST_KEY_UISupportedInterfaceOrientations_iPhone = "UIInterfaceOrientationPortrait UIInterfaceOrientationLandscapeLeft UIInterfaceOrientationLandscapeRight";
				LD_RUNPATH_SEARCH_PATHS = (
					"$(inherited)",
					"@executable_path/Frameworks",
				);
				MARKETING_VERSION = 1.0;
				PRODUCT_BUNDLE_IDENTIFIER = SJ.Respect.AdminApp;
				PRODUCT_NAME = "$(TARGET_NAME)";
				SWIFT_EMIT_LOC_STRINGS = YES;
				SWIFT_VERSION = 5.0;
				TARGETED_DEVICE_FAMILY = "1,2";
			};
			name = Release;
		};
		1640A3702BA4557500B7D2AB /* Debug */ = {
			isa = XCBuildConfiguration;
			baseConfigurationReference = 15226FD0333DC7F3408F5506 /* Pods-AdminAppTests.debug.xcconfig */;
			buildSettings = {
				ALWAYS_EMBED_SWIFT_STANDARD_LIBRARIES = YES;
				BUNDLE_LOADER = "$(TEST_HOST)";
				CODE_SIGN_STYLE = Automatic;
				CURRENT_PROJECT_VERSION = 1;
				DEVELOPMENT_TEAM = Y6Z9S947T8;
				GENERATE_INFOPLIST_FILE = YES;
				IPHONEOS_DEPLOYMENT_TARGET = 17.0;
				MARKETING_VERSION = 1.0;
				PRODUCT_BUNDLE_IDENTIFIER = SJ.Respect.AdminAppTests;
				PRODUCT_NAME = "$(TARGET_NAME)";
				SWIFT_EMIT_LOC_STRINGS = NO;
				SWIFT_VERSION = 5.0;
				TARGETED_DEVICE_FAMILY = "1,2";
				TEST_HOST = "$(BUILT_PRODUCTS_DIR)/AdminApp.app/$(BUNDLE_EXECUTABLE_FOLDER_PATH)/AdminApp";
			};
			name = Debug;
		};
		1640A3712BA4557500B7D2AB /* Release */ = {
			isa = XCBuildConfiguration;
			baseConfigurationReference = 0A98A95A9E5D83183F085B17 /* Pods-AdminAppTests.release.xcconfig */;
			buildSettings = {
				ALWAYS_EMBED_SWIFT_STANDARD_LIBRARIES = YES;
				BUNDLE_LOADER = "$(TEST_HOST)";
				CODE_SIGN_STYLE = Automatic;
				CURRENT_PROJECT_VERSION = 1;
				DEVELOPMENT_TEAM = Y6Z9S947T8;
				GENERATE_INFOPLIST_FILE = YES;
				IPHONEOS_DEPLOYMENT_TARGET = 17.0;
				MARKETING_VERSION = 1.0;
				PRODUCT_BUNDLE_IDENTIFIER = SJ.Respect.AdminAppTests;
				PRODUCT_NAME = "$(TARGET_NAME)";
				SWIFT_EMIT_LOC_STRINGS = NO;
				SWIFT_VERSION = 5.0;
				TARGETED_DEVICE_FAMILY = "1,2";
				TEST_HOST = "$(BUILT_PRODUCTS_DIR)/AdminApp.app/$(BUNDLE_EXECUTABLE_FOLDER_PATH)/AdminApp";
			};
			name = Release;
		};
		1640A3732BA4557500B7D2AB /* Debug */ = {
			isa = XCBuildConfiguration;
			baseConfigurationReference = CBF31104EDBD14C3C6F191AC /* Pods-AdminApp-AdminAppUITests.debug.xcconfig */;
			buildSettings = {
				ALWAYS_EMBED_SWIFT_STANDARD_LIBRARIES = YES;
				CODE_SIGN_STYLE = Automatic;
				CURRENT_PROJECT_VERSION = 1;
				DEVELOPMENT_TEAM = Y6Z9S947T8;
				GENERATE_INFOPLIST_FILE = YES;
				MARKETING_VERSION = 1.0;
				PRODUCT_BUNDLE_IDENTIFIER = SJ.Respect.AdminAppUITests;
				PRODUCT_NAME = "$(TARGET_NAME)";
				SWIFT_EMIT_LOC_STRINGS = NO;
				SWIFT_VERSION = 5.0;
				TARGETED_DEVICE_FAMILY = "1,2";
				TEST_TARGET_NAME = AdminApp;
			};
			name = Debug;
		};
		1640A3742BA4557500B7D2AB /* Release */ = {
			isa = XCBuildConfiguration;
			baseConfigurationReference = 7D8AA691F3D29D99F38FF173 /* Pods-AdminApp-AdminAppUITests.release.xcconfig */;
			buildSettings = {
				ALWAYS_EMBED_SWIFT_STANDARD_LIBRARIES = YES;
				CODE_SIGN_STYLE = Automatic;
				CURRENT_PROJECT_VERSION = 1;
				DEVELOPMENT_TEAM = Y6Z9S947T8;
				GENERATE_INFOPLIST_FILE = YES;
				MARKETING_VERSION = 1.0;
				PRODUCT_BUNDLE_IDENTIFIER = SJ.Respect.AdminAppUITests;
				PRODUCT_NAME = "$(TARGET_NAME)";
				SWIFT_EMIT_LOC_STRINGS = NO;
				SWIFT_VERSION = 5.0;
				TARGETED_DEVICE_FAMILY = "1,2";
				TEST_TARGET_NAME = AdminApp;
			};
			name = Release;
		};
/* End XCBuildConfiguration section */

/* Begin XCConfigurationList section */
		1640A33D2BA4557200B7D2AB /* Build configuration list for PBXProject "AdminApp" */ = {
			isa = XCConfigurationList;
			buildConfigurations = (
				1640A36A2BA4557500B7D2AB /* Debug */,
				1640A36B2BA4557500B7D2AB /* Release */,
			);
			defaultConfigurationIsVisible = 0;
			defaultConfigurationName = Release;
		};
		1640A36C2BA4557500B7D2AB /* Build configuration list for PBXNativeTarget "AdminApp" */ = {
			isa = XCConfigurationList;
			buildConfigurations = (
				1640A36D2BA4557500B7D2AB /* Debug */,
				1640A36E2BA4557500B7D2AB /* Release */,
			);
			defaultConfigurationIsVisible = 0;
			defaultConfigurationName = Release;
		};
		1640A36F2BA4557500B7D2AB /* Build configuration list for PBXNativeTarget "AdminAppTests" */ = {
			isa = XCConfigurationList;
			buildConfigurations = (
				1640A3702BA4557500B7D2AB /* Debug */,
				1640A3712BA4557500B7D2AB /* Release */,
			);
			defaultConfigurationIsVisible = 0;
			defaultConfigurationName = Release;
		};
		1640A3722BA4557500B7D2AB /* Build configuration list for PBXNativeTarget "AdminAppUITests" */ = {
			isa = XCConfigurationList;
			buildConfigurations = (
				1640A3732BA4557500B7D2AB /* Debug */,
				1640A3742BA4557500B7D2AB /* Release */,
			);
			defaultConfigurationIsVisible = 0;
			defaultConfigurationName = Release;
		};
/* End XCConfigurationList section */

/* Begin XCRemoteSwiftPackageReference section */
		16925A7F2BC16EFE00BF2005 /* XCRemoteSwiftPackageReference "OHHTTPStubs" */ = {
			isa = XCRemoteSwiftPackageReference;
			repositoryURL = "https://github.com/AliSoftware/OHHTTPStubs.git";
			requirement = {
				kind = upToNextMajorVersion;
				minimumVersion = 9.1.0;
			};
		};
/* End XCRemoteSwiftPackageReference section */

/* Begin XCSwiftPackageProductDependency section */
		16925A802BC16EFE00BF2005 /* OHHTTPStubs */ = {
			isa = XCSwiftPackageProductDependency;
			package = 16925A7F2BC16EFE00BF2005 /* XCRemoteSwiftPackageReference "OHHTTPStubs" */;
			productName = OHHTTPStubs;
		};
		16925A822BC16EFE00BF2005 /* OHHTTPStubsSwift */ = {
			isa = XCSwiftPackageProductDependency;
			package = 16925A7F2BC16EFE00BF2005 /* XCRemoteSwiftPackageReference "OHHTTPStubs" */;
			productName = OHHTTPStubsSwift;
		};
/* End XCSwiftPackageProductDependency section */
	};
	rootObject = 1640A33A2BA4557200B7D2AB /* Project object */;
}
