// !$*UTF8*$!
{
	archiveVersion = 1;
	classes = {
	};
	objectVersion = 60;
	objects = {

/* Begin PBXBuildFile section */
		162DDA752BBA79D700EE66DB /* Alamofire in Frameworks */ = {isa = PBXBuildFile; productRef = 162DDA742BBA79D700EE66DB /* Alamofire */; };
		162DDA7A2BBAA3FD00EE66DB /* APIConstants.swift in Sources */ = {isa = PBXBuildFile; fileRef = 162DDA792BBAA3FD00EE66DB /* APIConstants.swift */; };
		1638910F2BFE213C0029FB8E /* LocationTrackingModule in Frameworks */ = {isa = PBXBuildFile; productRef = 1638910E2BFE213C0029FB8E /* LocationTrackingModule */; };
		163891112BFE23E10029FB8E /* TestView.swift in Sources */ = {isa = PBXBuildFile; fileRef = 163891102BFE23E10029FB8E /* TestView.swift */; };
		163891132BFE525C0029FB8E /* UserView.swift in Sources */ = {isa = PBXBuildFile; fileRef = 163891122BFE525C0029FB8E /* UserView.swift */; };
		167E799C2BA0B78500ABC069 /* LocationApp.swift in Sources */ = {isa = PBXBuildFile; fileRef = 167E799B2BA0B78500ABC069 /* LocationApp.swift */; };
		167E79A02BA0B78800ABC069 /* Assets.xcassets in Resources */ = {isa = PBXBuildFile; fileRef = 167E799F2BA0B78800ABC069 /* Assets.xcassets */; };
		167E79A32BA0B78800ABC069 /* Preview Assets.xcassets in Resources */ = {isa = PBXBuildFile; fileRef = 167E79A22BA0B78800ABC069 /* Preview Assets.xcassets */; };
		167E79AD2BA0B78800ABC069 /* LocationAppTests.swift in Sources */ = {isa = PBXBuildFile; fileRef = 167E79AC2BA0B78800ABC069 /* LocationAppTests.swift */; };
		167E79B72BA0B78800ABC069 /* LocationAppUITests.swift in Sources */ = {isa = PBXBuildFile; fileRef = 167E79B62BA0B78800ABC069 /* LocationAppUITests.swift */; };
		167E79B92BA0B78800ABC069 /* LocationAppUITestsLaunchTests.swift in Sources */ = {isa = PBXBuildFile; fileRef = 167E79B82BA0B78800ABC069 /* LocationAppUITestsLaunchTests.swift */; };
/* End PBXBuildFile section */

/* Begin PBXContainerItemProxy section */
		167E79A92BA0B78800ABC069 /* PBXContainerItemProxy */ = {
			isa = PBXContainerItemProxy;
			containerPortal = 167E79902BA0B78500ABC069 /* Project object */;
			proxyType = 1;
			remoteGlobalIDString = 167E79972BA0B78500ABC069;
			remoteInfo = LocationApp;
		};
		167E79B32BA0B78800ABC069 /* PBXContainerItemProxy */ = {
			isa = PBXContainerItemProxy;
			containerPortal = 167E79902BA0B78500ABC069 /* Project object */;
			proxyType = 1;
			remoteGlobalIDString = 167E79972BA0B78500ABC069;
			remoteInfo = LocationApp;
		};
/* End PBXContainerItemProxy section */

/* Begin PBXFileReference section */
		162DDA792BBAA3FD00EE66DB /* APIConstants.swift */ = {isa = PBXFileReference; lastKnownFileType = sourcecode.swift; path = APIConstants.swift; sourceTree = "<group>"; };
		163891102BFE23E10029FB8E /* TestView.swift */ = {isa = PBXFileReference; lastKnownFileType = sourcecode.swift; path = TestView.swift; sourceTree = "<group>"; };
		163891122BFE525C0029FB8E /* UserView.swift */ = {isa = PBXFileReference; lastKnownFileType = sourcecode.swift; path = UserView.swift; sourceTree = "<group>"; };
		167E79982BA0B78500ABC069 /* LocationApp.app */ = {isa = PBXFileReference; explicitFileType = wrapper.application; includeInIndex = 0; path = LocationApp.app; sourceTree = BUILT_PRODUCTS_DIR; };
		167E799B2BA0B78500ABC069 /* LocationApp.swift */ = {isa = PBXFileReference; lastKnownFileType = sourcecode.swift; path = LocationApp.swift; sourceTree = "<group>"; };
		167E799F2BA0B78800ABC069 /* Assets.xcassets */ = {isa = PBXFileReference; lastKnownFileType = folder.assetcatalog; path = Assets.xcassets; sourceTree = "<group>"; };
		167E79A22BA0B78800ABC069 /* Preview Assets.xcassets */ = {isa = PBXFileReference; lastKnownFileType = folder.assetcatalog; path = "Preview Assets.xcassets"; sourceTree = "<group>"; };
		167E79A82BA0B78800ABC069 /* LocationAppTests.xctest */ = {isa = PBXFileReference; explicitFileType = wrapper.cfbundle; includeInIndex = 0; path = LocationAppTests.xctest; sourceTree = BUILT_PRODUCTS_DIR; };
		167E79AC2BA0B78800ABC069 /* LocationAppTests.swift */ = {isa = PBXFileReference; lastKnownFileType = sourcecode.swift; path = LocationAppTests.swift; sourceTree = "<group>"; };
		167E79B22BA0B78800ABC069 /* LocationAppUITests.xctest */ = {isa = PBXFileReference; explicitFileType = wrapper.cfbundle; includeInIndex = 0; path = LocationAppUITests.xctest; sourceTree = BUILT_PRODUCTS_DIR; };
		167E79B62BA0B78800ABC069 /* LocationAppUITests.swift */ = {isa = PBXFileReference; lastKnownFileType = sourcecode.swift; path = LocationAppUITests.swift; sourceTree = "<group>"; };
		167E79B82BA0B78800ABC069 /* LocationAppUITestsLaunchTests.swift */ = {isa = PBXFileReference; lastKnownFileType = sourcecode.swift; path = LocationAppUITestsLaunchTests.swift; sourceTree = "<group>"; };
		167E79DC2BA2FCB600ABC069 /* Info.plist */ = {isa = PBXFileReference; lastKnownFileType = text.plist; path = Info.plist; sourceTree = "<group>"; };
/* End PBXFileReference section */

/* Begin PBXFrameworksBuildPhase section */
		167E79952BA0B78500ABC069 /* Frameworks */ = {
			isa = PBXFrameworksBuildPhase;
			buildActionMask = 2147483647;
			files = (
				1638910F2BFE213C0029FB8E /* LocationTrackingModule in Frameworks */,
				162DDA752BBA79D700EE66DB /* Alamofire in Frameworks */,
			);
			runOnlyForDeploymentPostprocessing = 0;
		};
		167E79A52BA0B78800ABC069 /* Frameworks */ = {
			isa = PBXFrameworksBuildPhase;
			buildActionMask = 2147483647;
			files = (
			);
			runOnlyForDeploymentPostprocessing = 0;
		};
		167E79AF2BA0B78800ABC069 /* Frameworks */ = {
			isa = PBXFrameworksBuildPhase;
			buildActionMask = 2147483647;
			files = (
			);
			runOnlyForDeploymentPostprocessing = 0;
		};
/* End PBXFrameworksBuildPhase section */

/* Begin PBXGroup section */
		162DDA782BBAA3EB00EE66DB /* Constant */ = {
			isa = PBXGroup;
			children = (
				162DDA792BBAA3FD00EE66DB /* APIConstants.swift */,
			);
			path = Constant;
			sourceTree = "<group>";
		};
		167E798F2BA0B78500ABC069 = {
			isa = PBXGroup;
			children = (
				167E799A2BA0B78500ABC069 /* LocationApp */,
				167E79AB2BA0B78800ABC069 /* LocationAppTests */,
				167E79B52BA0B78800ABC069 /* LocationAppUITests */,
				167E79992BA0B78500ABC069 /* Products */,
			);
			sourceTree = "<group>";
		};
		167E79992BA0B78500ABC069 /* Products */ = {
			isa = PBXGroup;
			children = (
				167E79982BA0B78500ABC069 /* LocationApp.app */,
				167E79A82BA0B78800ABC069 /* LocationAppTests.xctest */,
				167E79B22BA0B78800ABC069 /* LocationAppUITests.xctest */,
			);
			name = Products;
			sourceTree = "<group>";
		};
		167E799A2BA0B78500ABC069 /* LocationApp */ = {
			isa = PBXGroup;
			children = (
				162DDA782BBAA3EB00EE66DB /* Constant */,
				167E79DC2BA2FCB600ABC069 /* Info.plist */,
				167E79CA2BA0B94B00ABC069 /* Resources */,
				167E79C52BA0B8E700ABC069 /* View */,
				167E79A12BA0B78800ABC069 /* Preview Content */,
			);
			path = LocationApp;
			sourceTree = "<group>";
		};
		167E79A12BA0B78800ABC069 /* Preview Content */ = {
			isa = PBXGroup;
			children = (
				167E79A22BA0B78800ABC069 /* Preview Assets.xcassets */,
			);
			path = "Preview Content";
			sourceTree = "<group>";
		};
		167E79AB2BA0B78800ABC069 /* LocationAppTests */ = {
			isa = PBXGroup;
			children = (
				167E79AC2BA0B78800ABC069 /* LocationAppTests.swift */,
			);
			path = LocationAppTests;
			sourceTree = "<group>";
		};
		167E79B52BA0B78800ABC069 /* LocationAppUITests */ = {
			isa = PBXGroup;
			children = (
				167E79B62BA0B78800ABC069 /* LocationAppUITests.swift */,
				167E79B82BA0B78800ABC069 /* LocationAppUITestsLaunchTests.swift */,
			);
			path = LocationAppUITests;
			sourceTree = "<group>";
		};
		167E79C52BA0B8E700ABC069 /* View */ = {
			isa = PBXGroup;
			children = (
				163891102BFE23E10029FB8E /* TestView.swift */,
				163891122BFE525C0029FB8E /* UserView.swift */,
			);
			path = View;
			sourceTree = "<group>";
		};
		167E79CA2BA0B94B00ABC069 /* Resources */ = {
			isa = PBXGroup;
			children = (
				167E799B2BA0B78500ABC069 /* LocationApp.swift */,
				167E799F2BA0B78800ABC069 /* Assets.xcassets */,
			);
			path = Resources;
			sourceTree = "<group>";
		};
/* End PBXGroup section */

/* Begin PBXNativeTarget section */
		167E79972BA0B78500ABC069 /* LocationApp */ = {
			isa = PBXNativeTarget;
			buildConfigurationList = 167E79BC2BA0B78800ABC069 /* Build configuration list for PBXNativeTarget "LocationApp" */;
			buildPhases = (
				167E79942BA0B78500ABC069 /* Sources */,
				167E79952BA0B78500ABC069 /* Frameworks */,
				167E79962BA0B78500ABC069 /* Resources */,
			);
			buildRules = (
			);
			dependencies = (
			);
			name = LocationApp;
			packageProductDependencies = (
				162DDA742BBA79D700EE66DB /* Alamofire */,
				1638910E2BFE213C0029FB8E /* LocationTrackingModule */,
			);
			productName = LocationApp;
			productReference = 167E79982BA0B78500ABC069 /* LocationApp.app */;
			productType = "com.apple.product-type.application";
		};
		167E79A72BA0B78800ABC069 /* LocationAppTests */ = {
			isa = PBXNativeTarget;
			buildConfigurationList = 167E79BF2BA0B78800ABC069 /* Build configuration list for PBXNativeTarget "LocationAppTests" */;
			buildPhases = (
				167E79A42BA0B78800ABC069 /* Sources */,
				167E79A52BA0B78800ABC069 /* Frameworks */,
				167E79A62BA0B78800ABC069 /* Resources */,
			);
			buildRules = (
			);
			dependencies = (
				167E79AA2BA0B78800ABC069 /* PBXTargetDependency */,
			);
			name = LocationAppTests;
			productName = LocationAppTests;
			productReference = 167E79A82BA0B78800ABC069 /* LocationAppTests.xctest */;
			productType = "com.apple.product-type.bundle.unit-test";
		};
		167E79B12BA0B78800ABC069 /* LocationAppUITests */ = {
			isa = PBXNativeTarget;
			buildConfigurationList = 167E79C22BA0B78800ABC069 /* Build configuration list for PBXNativeTarget "LocationAppUITests" */;
			buildPhases = (
				167E79AE2BA0B78800ABC069 /* Sources */,
				167E79AF2BA0B78800ABC069 /* Frameworks */,
				167E79B02BA0B78800ABC069 /* Resources */,
			);
			buildRules = (
			);
			dependencies = (
				167E79B42BA0B78800ABC069 /* PBXTargetDependency */,
			);
			name = LocationAppUITests;
			productName = LocationAppUITests;
			productReference = 167E79B22BA0B78800ABC069 /* LocationAppUITests.xctest */;
			productType = "com.apple.product-type.bundle.ui-testing";
		};
/* End PBXNativeTarget section */

/* Begin PBXProject section */
		167E79902BA0B78500ABC069 /* Project object */ = {
			isa = PBXProject;
			attributes = {
				BuildIndependentTargetsInParallel = 1;
				LastSwiftUpdateCheck = 1500;
				LastUpgradeCheck = 1500;
				TargetAttributes = {
					167E79972BA0B78500ABC069 = {
						CreatedOnToolsVersion = 15.0.1;
					};
					167E79A72BA0B78800ABC069 = {
						CreatedOnToolsVersion = 15.0.1;
						TestTargetID = 167E79972BA0B78500ABC069;
					};
					167E79B12BA0B78800ABC069 = {
						CreatedOnToolsVersion = 15.0.1;
						TestTargetID = 167E79972BA0B78500ABC069;
					};
				};
			};
			buildConfigurationList = 167E79932BA0B78500ABC069 /* Build configuration list for PBXProject "LocationApp" */;
			compatibilityVersion = "Xcode 14.0";
			developmentRegion = en;
			hasScannedForEncodings = 0;
			knownRegions = (
				en,
				Base,
			);
			mainGroup = 167E798F2BA0B78500ABC069;
			packageReferences = (
				162DDA732BBA79D700EE66DB /* XCRemoteSwiftPackageReference "Alamofire" */,
				1638910D2BFE213C0029FB8E /* XCLocalSwiftPackageReference "../../Module/LocationTrackingModule" */,
			);
			productRefGroup = 167E79992BA0B78500ABC069 /* Products */;
			projectDirPath = "";
			projectRoot = "";
			targets = (
				167E79972BA0B78500ABC069 /* LocationApp */,
				167E79A72BA0B78800ABC069 /* LocationAppTests */,
				167E79B12BA0B78800ABC069 /* LocationAppUITests */,
			);
		};
/* End PBXProject section */

/* Begin PBXResourcesBuildPhase section */
		167E79962BA0B78500ABC069 /* Resources */ = {
			isa = PBXResourcesBuildPhase;
			buildActionMask = 2147483647;
			files = (
				167E79A32BA0B78800ABC069 /* Preview Assets.xcassets in Resources */,
				167E79A02BA0B78800ABC069 /* Assets.xcassets in Resources */,
			);
			runOnlyForDeploymentPostprocessing = 0;
		};
		167E79A62BA0B78800ABC069 /* Resources */ = {
			isa = PBXResourcesBuildPhase;
			buildActionMask = 2147483647;
			files = (
			);
			runOnlyForDeploymentPostprocessing = 0;
		};
		167E79B02BA0B78800ABC069 /* Resources */ = {
			isa = PBXResourcesBuildPhase;
			buildActionMask = 2147483647;
			files = (
			);
			runOnlyForDeploymentPostprocessing = 0;
		};
/* End PBXResourcesBuildPhase section */

/* Begin PBXSourcesBuildPhase section */
		167E79942BA0B78500ABC069 /* Sources */ = {
			isa = PBXSourcesBuildPhase;
			buildActionMask = 2147483647;
			files = (
				163891112BFE23E10029FB8E /* TestView.swift in Sources */,
				162DDA7A2BBAA3FD00EE66DB /* APIConstants.swift in Sources */,
				167E799C2BA0B78500ABC069 /* LocationApp.swift in Sources */,
				163891132BFE525C0029FB8E /* UserView.swift in Sources */,
			);
			runOnlyForDeploymentPostprocessing = 0;
		};
		167E79A42BA0B78800ABC069 /* Sources */ = {
			isa = PBXSourcesBuildPhase;
			buildActionMask = 2147483647;
			files = (
				167E79AD2BA0B78800ABC069 /* LocationAppTests.swift in Sources */,
			);
			runOnlyForDeploymentPostprocessing = 0;
		};
		167E79AE2BA0B78800ABC069 /* Sources */ = {
			isa = PBXSourcesBuildPhase;
			buildActionMask = 2147483647;
			files = (
				167E79B72BA0B78800ABC069 /* LocationAppUITests.swift in Sources */,
				167E79B92BA0B78800ABC069 /* LocationAppUITestsLaunchTests.swift in Sources */,
			);
			runOnlyForDeploymentPostprocessing = 0;
		};
/* End PBXSourcesBuildPhase section */

/* Begin PBXTargetDependency section */
		167E79AA2BA0B78800ABC069 /* PBXTargetDependency */ = {
			isa = PBXTargetDependency;
			target = 167E79972BA0B78500ABC069 /* LocationApp */;
			targetProxy = 167E79A92BA0B78800ABC069 /* PBXContainerItemProxy */;
		};
		167E79B42BA0B78800ABC069 /* PBXTargetDependency */ = {
			isa = PBXTargetDependency;
			target = 167E79972BA0B78500ABC069 /* LocationApp */;
			targetProxy = 167E79B32BA0B78800ABC069 /* PBXContainerItemProxy */;
		};
/* End PBXTargetDependency section */

/* Begin XCBuildConfiguration section */
		167E79BA2BA0B78800ABC069 /* Debug */ = {
			isa = XCBuildConfiguration;
			buildSettings = {
				ALWAYS_SEARCH_USER_PATHS = NO;
				ASSETCATALOG_COMPILER_GENERATE_SWIFT_ASSET_SYMBOL_EXTENSIONS = YES;
				CLANG_ANALYZER_NONNULL = YES;
				CLANG_ANALYZER_NUMBER_OBJECT_CONVERSION = YES_AGGRESSIVE;
				CLANG_CXX_LANGUAGE_STANDARD = "gnu++20";
				CLANG_ENABLE_MODULES = YES;
				CLANG_ENABLE_OBJC_ARC = YES;
				CLANG_ENABLE_OBJC_WEAK = YES;
				CLANG_WARN_BLOCK_CAPTURE_AUTORELEASING = YES;
				CLANG_WARN_BOOL_CONVERSION = YES;
				CLANG_WARN_COMMA = YES;
				CLANG_WARN_CONSTANT_CONVERSION = YES;
				CLANG_WARN_DEPRECATED_OBJC_IMPLEMENTATIONS = YES;
				CLANG_WARN_DIRECT_OBJC_ISA_USAGE = YES_ERROR;
				CLANG_WARN_DOCUMENTATION_COMMENTS = YES;
				CLANG_WARN_EMPTY_BODY = YES;
				CLANG_WARN_ENUM_CONVERSION = YES;
				CLANG_WARN_INFINITE_RECURSION = YES;
				CLANG_WARN_INT_CONVERSION = YES;
				CLANG_WARN_NON_LITERAL_NULL_CONVERSION = YES;
				CLANG_WARN_OBJC_IMPLICIT_RETAIN_SELF = YES;
				CLANG_WARN_OBJC_LITERAL_CONVERSION = YES;
				CLANG_WARN_OBJC_ROOT_CLASS = YES_ERROR;
				CLANG_WARN_QUOTED_INCLUDE_IN_FRAMEWORK_HEADER = YES;
				CLANG_WARN_RANGE_LOOP_ANALYSIS = YES;
				CLANG_WARN_STRICT_PROTOTYPES = YES;
				CLANG_WARN_SUSPICIOUS_MOVE = YES;
				CLANG_WARN_UNGUARDED_AVAILABILITY = YES_AGGRESSIVE;
				CLANG_WARN_UNREACHABLE_CODE = YES;
				CLANG_WARN__DUPLICATE_METHOD_MATCH = YES;
				COPY_PHASE_STRIP = NO;
				DEBUG_INFORMATION_FORMAT = dwarf;
				ENABLE_STRICT_OBJC_MSGSEND = YES;
				ENABLE_TESTABILITY = YES;
				ENABLE_USER_SCRIPT_SANDBOXING = YES;
				GCC_C_LANGUAGE_STANDARD = gnu17;
				GCC_DYNAMIC_NO_PIC = NO;
				GCC_NO_COMMON_BLOCKS = YES;
				GCC_OPTIMIZATION_LEVEL = 0;
				GCC_PREPROCESSOR_DEFINITIONS = (
					"DEBUG=1",
					"$(inherited)",
				);
				GCC_WARN_64_TO_32_BIT_CONVERSION = YES;
				GCC_WARN_ABOUT_RETURN_TYPE = YES_ERROR;
				GCC_WARN_UNDECLARED_SELECTOR = YES;
				GCC_WARN_UNINITIALIZED_AUTOS = YES_AGGRESSIVE;
				GCC_WARN_UNUSED_FUNCTION = YES;
				GCC_WARN_UNUSED_VARIABLE = YES;
				INFOPLIST_KEY_NSLocationAlwaysAndWhenInUseUsageDescription = "사용자의 위치를 기반으로 트래킹할 위치를 제공하기 위해 권한이 필요합니다.";
				INFOPLIST_KEY_NSLocationUsageDescription = "사용자의 위치를 기반으로 트래킹할 위치를 제공하기 위해 권한이 필요합니다.";
				IPHONEOS_DEPLOYMENT_TARGET = 17.0;
				LOCALIZATION_PREFERS_STRING_CATALOGS = YES;
				MTL_ENABLE_DEBUG_INFO = INCLUDE_SOURCE;
				MTL_FAST_MATH = YES;
				ONLY_ACTIVE_ARCH = YES;
				SDKROOT = iphoneos;
				SWIFT_ACTIVE_COMPILATION_CONDITIONS = "DEBUG $(inherited)";
				SWIFT_OPTIMIZATION_LEVEL = "-Onone";
			};
			name = Debug;
		};
		167E79BB2BA0B78800ABC069 /* Release */ = {
			isa = XCBuildConfiguration;
			buildSettings = {
				ALWAYS_SEARCH_USER_PATHS = NO;
				ASSETCATALOG_COMPILER_GENERATE_SWIFT_ASSET_SYMBOL_EXTENSIONS = YES;
				CLANG_ANALYZER_NONNULL = YES;
				CLANG_ANALYZER_NUMBER_OBJECT_CONVERSION = YES_AGGRESSIVE;
				CLANG_CXX_LANGUAGE_STANDARD = "gnu++20";
				CLANG_ENABLE_MODULES = YES;
				CLANG_ENABLE_OBJC_ARC = YES;
				CLANG_ENABLE_OBJC_WEAK = YES;
				CLANG_WARN_BLOCK_CAPTURE_AUTORELEASING = YES;
				CLANG_WARN_BOOL_CONVERSION = YES;
				CLANG_WARN_COMMA = YES;
				CLANG_WARN_CONSTANT_CONVERSION = YES;
				CLANG_WARN_DEPRECATED_OBJC_IMPLEMENTATIONS = YES;
				CLANG_WARN_DIRECT_OBJC_ISA_USAGE = YES_ERROR;
				CLANG_WARN_DOCUMENTATION_COMMENTS = YES;
				CLANG_WARN_EMPTY_BODY = YES;
				CLANG_WARN_ENUM_CONVERSION = YES;
				CLANG_WARN_INFINITE_RECURSION = YES;
				CLANG_WARN_INT_CONVERSION = YES;
				CLANG_WARN_NON_LITERAL_NULL_CONVERSION = YES;
				CLANG_WARN_OBJC_IMPLICIT_RETAIN_SELF = YES;
				CLANG_WARN_OBJC_LITERAL_CONVERSION = YES;
				CLANG_WARN_OBJC_ROOT_CLASS = YES_ERROR;
				CLANG_WARN_QUOTED_INCLUDE_IN_FRAMEWORK_HEADER = YES;
				CLANG_WARN_RANGE_LOOP_ANALYSIS = YES;
				CLANG_WARN_STRICT_PROTOTYPES = YES;
				CLANG_WARN_SUSPICIOUS_MOVE = YES;
				CLANG_WARN_UNGUARDED_AVAILABILITY = YES_AGGRESSIVE;
				CLANG_WARN_UNREACHABLE_CODE = YES;
				CLANG_WARN__DUPLICATE_METHOD_MATCH = YES;
				COPY_PHASE_STRIP = NO;
				DEBUG_INFORMATION_FORMAT = "dwarf-with-dsym";
				ENABLE_NS_ASSERTIONS = NO;
				ENABLE_STRICT_OBJC_MSGSEND = YES;
				ENABLE_USER_SCRIPT_SANDBOXING = YES;
				GCC_C_LANGUAGE_STANDARD = gnu17;
				GCC_NO_COMMON_BLOCKS = YES;
				GCC_WARN_64_TO_32_BIT_CONVERSION = YES;
				GCC_WARN_ABOUT_RETURN_TYPE = YES_ERROR;
				GCC_WARN_UNDECLARED_SELECTOR = YES;
				GCC_WARN_UNINITIALIZED_AUTOS = YES_AGGRESSIVE;
				GCC_WARN_UNUSED_FUNCTION = YES;
				GCC_WARN_UNUSED_VARIABLE = YES;
				INFOPLIST_KEY_NSLocationAlwaysAndWhenInUseUsageDescription = "사용자의 위치를 기반으로 트래킹할 위치를 제공하기 위해 권한이 필요합니다.";
				INFOPLIST_KEY_NSLocationUsageDescription = "사용자의 위치를 기반으로 트래킹할 위치를 제공하기 위해 권한이 필요합니다.";
				IPHONEOS_DEPLOYMENT_TARGET = 17.0;
				LOCALIZATION_PREFERS_STRING_CATALOGS = YES;
				MTL_ENABLE_DEBUG_INFO = NO;
				MTL_FAST_MATH = YES;
				SDKROOT = iphoneos;
				SWIFT_COMPILATION_MODE = wholemodule;
				VALIDATE_PRODUCT = YES;
			};
			name = Release;
		};
		167E79BD2BA0B78800ABC069 /* Debug */ = {
			isa = XCBuildConfiguration;
			buildSettings = {
				ASSETCATALOG_COMPILER_APPICON_NAME = AppIcon;
				ASSETCATALOG_COMPILER_GLOBAL_ACCENT_COLOR_NAME = AccentColor;
				CODE_SIGN_STYLE = Automatic;
				CURRENT_PROJECT_VERSION = 1;
				DEVELOPMENT_ASSET_PATHS = "\"LocationApp/Preview Content\"";
				DEVELOPMENT_TEAM = Y6Z9S947T8;
				ENABLE_PREVIEWS = YES;
				GENERATE_INFOPLIST_FILE = YES;
				INFOPLIST_FILE = LocationApp/Info.plist;
				INFOPLIST_KEY_NSLocationAlwaysAndWhenInUseUsageDescription = "항상 사용자의 위치 정보를 기반으로 트래킹할 위치를 제공하기 위해 권한이 필요합니다.";
				INFOPLIST_KEY_NSLocationUsageDescription = "사용자의 위치를 기반으로 트래킹할 위치를 제공하기 위해 권한이 필요합니다.";
				INFOPLIST_KEY_NSLocationWhenInUseUsageDescription = "앱을 사용하는 동안 사용자의 위치를 기반으로 트래킹할 위치를 제공하기 위해 권한이 필요합니다.";
				INFOPLIST_KEY_UIApplicationSceneManifest_Generation = YES;
				INFOPLIST_KEY_UIApplicationSupportsIndirectInputEvents = YES;
				INFOPLIST_KEY_UILaunchScreen_Generation = YES;
				INFOPLIST_KEY_UISupportedInterfaceOrientations_iPad = "UIInterfaceOrientationPortrait UIInterfaceOrientationPortraitUpsideDown UIInterfaceOrientationLandscapeLeft UIInterfaceOrientationLandscapeRight";
				INFOPLIST_KEY_UISupportedInterfaceOrientations_iPhone = "UIInterfaceOrientationPortrait UIInterfaceOrientationLandscapeLeft UIInterfaceOrientationLandscapeRight";
				LD_RUNPATH_SEARCH_PATHS = (
					"$(inherited)",
					"@executable_path/Frameworks",
				);
				MARKETING_VERSION = 1.0;
				PRODUCT_BUNDLE_IDENTIFIER = SJ.Respect.LocationApp;
				PRODUCT_NAME = "$(TARGET_NAME)";
				SWIFT_EMIT_LOC_STRINGS = YES;
				SWIFT_VERSION = 5.0;
				TARGETED_DEVICE_FAMILY = "1,2";
			};
			name = Debug;
		};
		167E79BE2BA0B78800ABC069 /* Release */ = {
			isa = XCBuildConfiguration;
			buildSettings = {
				ASSETCATALOG_COMPILER_APPICON_NAME = AppIcon;
				ASSETCATALOG_COMPILER_GLOBAL_ACCENT_COLOR_NAME = AccentColor;
				CODE_SIGN_STYLE = Automatic;
				CURRENT_PROJECT_VERSION = 1;
				DEVELOPMENT_ASSET_PATHS = "\"LocationApp/Preview Content\"";
				DEVELOPMENT_TEAM = Y6Z9S947T8;
				ENABLE_PREVIEWS = YES;
				GENERATE_INFOPLIST_FILE = YES;
				INFOPLIST_FILE = LocationApp/Info.plist;
				INFOPLIST_KEY_NSLocationAlwaysAndWhenInUseUsageDescription = "항상 사용자의 위치 정보를 기반으로 트래킹할 위치를 제공하기 위해 권한이 필요합니다.";
				INFOPLIST_KEY_NSLocationUsageDescription = "사용자의 위치를 기반으로 트래킹할 위치를 제공하기 위해 권한이 필요합니다.";
				INFOPLIST_KEY_NSLocationWhenInUseUsageDescription = "앱을 사용하는 동안 사용자의 위치를 기반으로 트래킹할 위치를 제공하기 위해 권한이 필요합니다.";
				INFOPLIST_KEY_UIApplicationSceneManifest_Generation = YES;
				INFOPLIST_KEY_UIApplicationSupportsIndirectInputEvents = YES;
				INFOPLIST_KEY_UILaunchScreen_Generation = YES;
				INFOPLIST_KEY_UISupportedInterfaceOrientations_iPad = "UIInterfaceOrientationPortrait UIInterfaceOrientationPortraitUpsideDown UIInterfaceOrientationLandscapeLeft UIInterfaceOrientationLandscapeRight";
				INFOPLIST_KEY_UISupportedInterfaceOrientations_iPhone = "UIInterfaceOrientationPortrait UIInterfaceOrientationLandscapeLeft UIInterfaceOrientationLandscapeRight";
				LD_RUNPATH_SEARCH_PATHS = (
					"$(inherited)",
					"@executable_path/Frameworks",
				);
				MARKETING_VERSION = 1.0;
				PRODUCT_BUNDLE_IDENTIFIER = SJ.Respect.LocationApp;
				PRODUCT_NAME = "$(TARGET_NAME)";
				SWIFT_EMIT_LOC_STRINGS = YES;
				SWIFT_VERSION = 5.0;
				TARGETED_DEVICE_FAMILY = "1,2";
			};
			name = Release;
		};
		167E79C02BA0B78800ABC069 /* Debug */ = {
			isa = XCBuildConfiguration;
			buildSettings = {
				ALWAYS_EMBED_SWIFT_STANDARD_LIBRARIES = YES;
				BUNDLE_LOADER = "$(TEST_HOST)";
				CODE_SIGN_STYLE = Automatic;
				CURRENT_PROJECT_VERSION = 1;
				DEVELOPMENT_TEAM = Y6Z9S947T8;
				GENERATE_INFOPLIST_FILE = YES;
				IPHONEOS_DEPLOYMENT_TARGET = 17.0;
				MARKETING_VERSION = 1.0;
				PRODUCT_BUNDLE_IDENTIFIER = SJ.Respect.LocationAppTests;
				PRODUCT_NAME = "$(TARGET_NAME)";
				SWIFT_EMIT_LOC_STRINGS = NO;
				SWIFT_VERSION = 5.0;
				TARGETED_DEVICE_FAMILY = "1,2";
				TEST_HOST = "$(BUILT_PRODUCTS_DIR)/LocationApp.app/$(BUNDLE_EXECUTABLE_FOLDER_PATH)/LocationApp";
			};
			name = Debug;
		};
		167E79C12BA0B78800ABC069 /* Release */ = {
			isa = XCBuildConfiguration;
			buildSettings = {
				ALWAYS_EMBED_SWIFT_STANDARD_LIBRARIES = YES;
				BUNDLE_LOADER = "$(TEST_HOST)";
				CODE_SIGN_STYLE = Automatic;
				CURRENT_PROJECT_VERSION = 1;
				DEVELOPMENT_TEAM = Y6Z9S947T8;
				GENERATE_INFOPLIST_FILE = YES;
				IPHONEOS_DEPLOYMENT_TARGET = 17.0;
				MARKETING_VERSION = 1.0;
				PRODUCT_BUNDLE_IDENTIFIER = SJ.Respect.LocationAppTests;
				PRODUCT_NAME = "$(TARGET_NAME)";
				SWIFT_EMIT_LOC_STRINGS = NO;
				SWIFT_VERSION = 5.0;
				TARGETED_DEVICE_FAMILY = "1,2";
				TEST_HOST = "$(BUILT_PRODUCTS_DIR)/LocationApp.app/$(BUNDLE_EXECUTABLE_FOLDER_PATH)/LocationApp";
			};
			name = Release;
		};
		167E79C32BA0B78800ABC069 /* Debug */ = {
			isa = XCBuildConfiguration;
			buildSettings = {
				ALWAYS_EMBED_SWIFT_STANDARD_LIBRARIES = YES;
				CODE_SIGN_STYLE = Automatic;
				CURRENT_PROJECT_VERSION = 1;
				DEVELOPMENT_TEAM = Y6Z9S947T8;
				GENERATE_INFOPLIST_FILE = YES;
				MARKETING_VERSION = 1.0;
				PRODUCT_BUNDLE_IDENTIFIER = SJ.Respect.LocationAppUITests;
				PRODUCT_NAME = "$(TARGET_NAME)";
				SWIFT_EMIT_LOC_STRINGS = NO;
				SWIFT_VERSION = 5.0;
				TARGETED_DEVICE_FAMILY = "1,2";
				TEST_TARGET_NAME = LocationApp;
			};
			name = Debug;
		};
		167E79C42BA0B78800ABC069 /* Release */ = {
			isa = XCBuildConfiguration;
			buildSettings = {
				ALWAYS_EMBED_SWIFT_STANDARD_LIBRARIES = YES;
				CODE_SIGN_STYLE = Automatic;
				CURRENT_PROJECT_VERSION = 1;
				DEVELOPMENT_TEAM = Y6Z9S947T8;
				GENERATE_INFOPLIST_FILE = YES;
				MARKETING_VERSION = 1.0;
				PRODUCT_BUNDLE_IDENTIFIER = SJ.Respect.LocationAppUITests;
				PRODUCT_NAME = "$(TARGET_NAME)";
				SWIFT_EMIT_LOC_STRINGS = NO;
				SWIFT_VERSION = 5.0;
				TARGETED_DEVICE_FAMILY = "1,2";
				TEST_TARGET_NAME = LocationApp;
			};
			name = Release;
		};
/* End XCBuildConfiguration section */

/* Begin XCConfigurationList section */
		167E79932BA0B78500ABC069 /* Build configuration list for PBXProject "LocationApp" */ = {
			isa = XCConfigurationList;
			buildConfigurations = (
				167E79BA2BA0B78800ABC069 /* Debug */,
				167E79BB2BA0B78800ABC069 /* Release */,
			);
			defaultConfigurationIsVisible = 0;
			defaultConfigurationName = Release;
		};
		167E79BC2BA0B78800ABC069 /* Build configuration list for PBXNativeTarget "LocationApp" */ = {
			isa = XCConfigurationList;
			buildConfigurations = (
				167E79BD2BA0B78800ABC069 /* Debug */,
				167E79BE2BA0B78800ABC069 /* Release */,
			);
			defaultConfigurationIsVisible = 0;
			defaultConfigurationName = Release;
		};
		167E79BF2BA0B78800ABC069 /* Build configuration list for PBXNativeTarget "LocationAppTests" */ = {
			isa = XCConfigurationList;
			buildConfigurations = (
				167E79C02BA0B78800ABC069 /* Debug */,
				167E79C12BA0B78800ABC069 /* Release */,
			);
			defaultConfigurationIsVisible = 0;
			defaultConfigurationName = Release;
		};
		167E79C22BA0B78800ABC069 /* Build configuration list for PBXNativeTarget "LocationAppUITests" */ = {
			isa = XCConfigurationList;
			buildConfigurations = (
				167E79C32BA0B78800ABC069 /* Debug */,
				167E79C42BA0B78800ABC069 /* Release */,
			);
			defaultConfigurationIsVisible = 0;
			defaultConfigurationName = Release;
		};
/* End XCConfigurationList section */

/* Begin XCLocalSwiftPackageReference section */
		1638910D2BFE213C0029FB8E /* XCLocalSwiftPackageReference "../../Module/LocationTrackingModule" */ = {
			isa = XCLocalSwiftPackageReference;
			relativePath = ../../Module/LocationTrackingModule;
		};
/* End XCLocalSwiftPackageReference section */

/* Begin XCRemoteSwiftPackageReference section */
		162DDA732BBA79D700EE66DB /* XCRemoteSwiftPackageReference "Alamofire" */ = {
			isa = XCRemoteSwiftPackageReference;
			repositoryURL = "https://github.com/Alamofire/Alamofire.git";
			requirement = {
				kind = exactVersion;
				version = 5.9.1;
			};
		};
/* End XCRemoteSwiftPackageReference section */

/* Begin XCSwiftPackageProductDependency section */
		162DDA742BBA79D700EE66DB /* Alamofire */ = {
			isa = XCSwiftPackageProductDependency;
			package = 162DDA732BBA79D700EE66DB /* XCRemoteSwiftPackageReference "Alamofire" */;
			productName = Alamofire;
		};
		1638910E2BFE213C0029FB8E /* LocationTrackingModule */ = {
			isa = XCSwiftPackageProductDependency;
			productName = LocationTrackingModule;
		};
/* End XCSwiftPackageProductDependency section */
	};
	rootObject = 167E79902BA0B78500ABC069 /* Project object */;
}
